
Microsoft Visual Studio Solution File, Format Version 12.00
# Visual Studio Version 17
VisualStudioVersion = 17.2.32630.192
MinimumVisualStudioVersion = 10.0.40219.1
Project("{9A19103F-16F7-4668-BE54-9A1E7A4F7556}") = "R5T.O0017.Construction", "R5T.O0017.Construction\R5T.O0017.Construction.csproj", "{30D2B6AE-5EDC-4488-85E9-46DA85C82304}"
EndProject
Project("{9A19103F-16F7-4668-BE54-9A1E7A4F7556}") = "R5T.O0017", "R5T.O0017\R5T.O0017.csproj", "{AFE0B66F-8C6C-414C-AB06-20A32C7E1C1E}"
EndProject
Project("{2150E333-8FDC-42A3-9474-1A3956D46DE8}") = "_Dependencies", "_Dependencies", "{CE881B4F-377F-45C0-8381-3E781D883900}"
EndProject
Project("{9A19103F-16F7-4668-BE54-9A1E7A4F7556}") = "R5T.F0000", "..\..\R5T.F0000\source\R5T.F0000\R5T.F0000.csproj", "{32D54917-6FA2-4CFE-9C3C-6610A390BB51}"
EndProject
Project("{9A19103F-16F7-4668-BE54-9A1E7A4F7556}") = "R5T.F0002", "..\..\R5T.F0002\source\R5T.F0002\R5T.F0002.csproj", "{8F418945-4147-49CD-BAC0-019FD013C4CC}"
EndProject
Project("{9A19103F-16F7-4668-BE54-9A1E7A4F7556}") = "R5T.F0019", "..\..\R5T.F0019\source\R5T.F0019\R5T.F0019.csproj", "{A14BA50D-D9F2-4F14-A476-D76932997B59}"
EndProject
Project("{9A19103F-16F7-4668-BE54-9A1E7A4F7556}") = "R5T.F0032", "..\..\R5T.F0032\source\R5T.F0032\R5T.F0032.csproj", "{8CC10F49-7921-4099-8691-BBB1D9FB2B61}"
EndProject
Project("{9A19103F-16F7-4668-BE54-9A1E7A4F7556}") = "R5T.F0041", "..\..\R5T.F0041\source\R5T.F0041\R5T.F0041.csproj", "{3FC82062-3849-4E1F-B102-371828C85764}"
EndProject
Project("{9A19103F-16F7-4668-BE54-9A1E7A4F7556}") = "R5T.F0044", "..\..\R5T.F0044\source\R5T.F0044\R5T.F0044.csproj", "{1129D41B-C94B-44F8-8E00-C35A8D7555AB}"
EndProject
Project("{9A19103F-16F7-4668-BE54-9A1E7A4F7556}") = "R5T.F0046", "..\..\R5T.F0046\source\R5T.F0046\R5T.F0046.csproj", "{F4CEE383-1DE4-4CD0-986F-F43E264620E9}"
EndProject
Project("{9A19103F-16F7-4668-BE54-9A1E7A4F7556}") = "R5T.F0047", "..\..\R5T.F0047\source\R5T.F0047\R5T.F0047.csproj", "{FCB8CA03-01A3-42C3-9AD3-7CEA942573FD}"
EndProject
Project("{9A19103F-16F7-4668-BE54-9A1E7A4F7556}") = "R5T.F0057", "..\..\R5T.F0057\source\R5T.F0057\R5T.F0057.csproj", "{D4A83A34-EB87-4F34-AAAB-AE620BFE6DEB}"
EndProject
Project("{9A19103F-16F7-4668-BE54-9A1E7A4F7556}") = "R5T.F0120", "..\..\R5T.F0120\source\R5T.F0120\R5T.F0120.csproj", "{D3375C75-9AFE-4B65-B78E-EC3812D89ED3}"
EndProject
Project("{9A19103F-16F7-4668-BE54-9A1E7A4F7556}") = "R5T.F0124", "..\..\R5T.F0124\source\R5T.F0124\R5T.F0124.csproj", "{93841723-99B4-48E7-9E7A-990DBAC106B1}"
EndProject
Project("{9A19103F-16F7-4668-BE54-9A1E7A4F7556}") = "R5T.F0125", "..\..\R5T.F0125\source\R5T.F0125\R5T.F0125.csproj", "{9684E575-7F1E-4B11-8A2E-DA2A74980502}"
EndProject
Project("{9A19103F-16F7-4668-BE54-9A1E7A4F7556}") = "R5T.L0001.Y000", "..\..\R5T.L0001\source\R5T.L0001.Y000\R5T.L0001.Y000.csproj", "{32B207A4-D0A9-468B-A4C9-FEA5BFF47C4E}"
EndProject
Project("{9A19103F-16F7-4668-BE54-9A1E7A4F7556}") = "R5T.L0001.Z000", "..\..\R5T.L0001\source\R5T.L0001.Z000\R5T.L0001.Z000.csproj", "{08EB738E-327F-4A46-BB03-BC92BD221428}"
EndProject
Project("{9A19103F-16F7-4668-BE54-9A1E7A4F7556}") = "R5T.L0001", "..\..\R5T.L0001\source\R5T.L0001\R5T.L0001.csproj", "{C2ECE00C-2903-4D4E-85E6-075D7EE93C31}"
EndProject
Project("{9A19103F-16F7-4668-BE54-9A1E7A4F7556}") = "R5T.L0030.T000", "..\..\R5T.L0030\source\R5T.L0030.T000\R5T.L0030.T000.csproj", "{340AADF1-9B56-46CD-BBA0-C7B319B2A47E}"
EndProject
Project("{9A19103F-16F7-4668-BE54-9A1E7A4F7556}") = "R5T.L0030", "..\..\R5T.L0030\source\R5T.L0030\R5T.L0030.csproj", "{424772F0-0017-45CC-BA3D-76D75BA94F63}"
EndProject
Project("{9A19103F-16F7-4668-BE54-9A1E7A4F7556}") = "R5T.L0031.T000", "..\..\R5T.L0031\source\R5T.L0031.T000\R5T.L0031.T000.csproj", "{63D6E254-2FBB-4B5F-9B80-A190B8EEF6B9}"
EndProject
Project("{9A19103F-16F7-4668-BE54-9A1E7A4F7556}") = "R5T.L0031", "..\..\R5T.L0031\source\R5T.L0031\R5T.L0031.csproj", "{2E2777E5-55DC-4439-901F-CADDB4E42BBD}"
EndProject
Project("{9A19103F-16F7-4668-BE54-9A1E7A4F7556}") = "R5T.L0034", "..\..\R5T.L0034\source\R5T.L0034\R5T.L0034.csproj", "{218AA86A-C42B-43EE-BA3C-4D05AE13E171}"
EndProject
Project("{9A19103F-16F7-4668-BE54-9A1E7A4F7556}") = "R5T.L0035", "..\..\R5T.L0035\source\R5T.L0035\R5T.L0035.csproj", "{D25F7AA0-5ED2-429A-A36F-91A45C2F6E7F}"
EndProject
Project("{9A19103F-16F7-4668-BE54-9A1E7A4F7556}") = "R5T.L0036.T000", "..\..\R5T.L0036\source\R5T.L0036.T000\R5T.L0036.T000.csproj", "{05C82CD8-1DB1-4957-B530-BBA014C03ECC}"
EndProject
Project("{9A19103F-16F7-4668-BE54-9A1E7A4F7556}") = "R5T.L0036", "..\..\R5T.L0036\source\R5T.L0036\R5T.L0036.csproj", "{F1C6CA8F-1F2E-4270-A13C-D66746DEA91B}"
EndProject
Project("{9A19103F-16F7-4668-BE54-9A1E7A4F7556}") = "R5T.NG0005", "..\..\R5T.NG0005\source\R5T.NG0005\R5T.NG0005.csproj", "{9C10FD37-61BD-459D-8C95-6C2B790B23EC}"
EndProject
Project("{9A19103F-16F7-4668-BE54-9A1E7A4F7556}") = "R5T.NG0006", "..\..\R5T.NG0006\source\R5T.NG0006\R5T.NG0006.csproj", "{6C56B7EC-F0B7-4B13-ACCB-C63F314DEF46}"
EndProject
Project("{9A19103F-16F7-4668-BE54-9A1E7A4F7556}") = "R5T.NG0008", "..\..\R5T.NG0008\source\R5T.NG0008\R5T.NG0008.csproj", "{F45CF435-2CE0-406D-B6E0-A359CBEB9221}"
EndProject
Project("{9A19103F-16F7-4668-BE54-9A1E7A4F7556}") = "R5T.T0046", "..\..\R5T.T0046\source\R5T.T0046\R5T.T0046.csproj", "{6F303A80-F894-4FA3-8340-B516DD8D0A7D}"
EndProject
Project("{9A19103F-16F7-4668-BE54-9A1E7A4F7556}") = "R5T.T0131", "..\..\R5T.T0131\source\R5T.T0131\R5T.T0131.csproj", "{5B3F230C-4CA6-4DB6-88E2-32452AC9DECA}"
EndProject
Project("{9A19103F-16F7-4668-BE54-9A1E7A4F7556}") = "R5T.T0132", "..\..\R5T.T0132\source\R5T.T0132\R5T.T0132.csproj", "{65328A9F-FD1A-493D-86EA-DEEEE5EAC811}"
EndProject
Project("{9A19103F-16F7-4668-BE54-9A1E7A4F7556}") = "R5T.T0137", "..\..\R5T.T0137\source\R5T.T0137\R5T.T0137.csproj", "{6D5A49A3-A5D7-453B-8838-A7F65088EB7F}"
EndProject
Project("{9A19103F-16F7-4668-BE54-9A1E7A4F7556}") = "R5T.T0142", "..\..\R5T.T0142\source\R5T.T0142\R5T.T0142.csproj", "{BA63CC2C-5E8B-4C80-9118-59449F19E88A}"
EndProject
Project("{9A19103F-16F7-4668-BE54-9A1E7A4F7556}") = "R5T.T0143", "..\..\R5T.T0143\source\R5T.T0143\R5T.T0143.csproj", "{6C95AAE5-9535-4CBF-91C2-D006078E5D37}"
EndProject
Project("{9A19103F-16F7-4668-BE54-9A1E7A4F7556}") = "R5T.T0144", "..\..\R5T.T0144\source\R5T.T0144\R5T.T0144.csproj", "{F8E870CA-B11E-43D0-B43A-2EBF8C3CEE95}"
EndProject
Project("{9A19103F-16F7-4668-BE54-9A1E7A4F7556}") = "R5T.T0156", "..\..\R5T.T0156\source\R5T.T0156\R5T.T0156.csproj", "{22C76F6F-DC2D-47C0-9FAC-6BFB64306424}"
EndProject
Project("{9A19103F-16F7-4668-BE54-9A1E7A4F7556}") = "R5T.T0158", "..\..\R5T.T0158\source\R5T.T0158\R5T.T0158.csproj", "{4FDF23C2-527C-4030-8EEF-A63995D1CCFE}"
EndProject
Project("{9A19103F-16F7-4668-BE54-9A1E7A4F7556}") = "R5T.T0159", "..\..\R5T.T0159\source\R5T.T0159\R5T.T0159.csproj", "{B9EF1A1A-15C3-46B9-AA1E-1AE21DA58C57}"
EndProject
Project("{9A19103F-16F7-4668-BE54-9A1E7A4F7556}") = "R5T.T0174", "..\..\R5T.T0174\source\R5T.T0174\R5T.T0174.csproj", "{FE325ECB-C288-407D-A59E-B0389D13B2D7}"
EndProject
Project("{9A19103F-16F7-4668-BE54-9A1E7A4F7556}") = "R5T.T0176", "..\..\R5T.T0176\source\R5T.T0176\R5T.T0176.csproj", "{1F51E778-58EF-4DAD-891D-30C5353C33C0}"
EndProject
Project("{9A19103F-16F7-4668-BE54-9A1E7A4F7556}") = "R5T.T0177", "..\..\R5T.T0177\source\R5T.T0177\R5T.T0177.csproj", "{F95BD997-26F5-4F5A-9058-727026052DC9}"
EndProject
Project("{9A19103F-16F7-4668-BE54-9A1E7A4F7556}") = "R5T.T0178", "..\..\R5T.T0178\source\R5T.T0178\R5T.T0178.csproj", "{C0E2704B-9A99-4D64-9B49-8C37C6084FC4}"
EndProject
Project("{9A19103F-16F7-4668-BE54-9A1E7A4F7556}") = "R5T.T0179", "..\..\R5T.T0179\source\R5T.T0179\R5T.T0179.csproj", "{8DC4D88F-1912-4DC2-84EB-0AB01C13198A}"
EndProject
Project("{9A19103F-16F7-4668-BE54-9A1E7A4F7556}") = "R5T.T0180", "..\..\R5T.T0180\source\R5T.T0180\R5T.T0180.csproj", "{1A0CFF66-6010-49E9-99C1-3FB61D75B340}"
EndProject
Project("{9A19103F-16F7-4668-BE54-9A1E7A4F7556}") = "R5T.T0181", "..\..\R5T.T0181\source\R5T.T0181\R5T.T0181.csproj", "{55FF9CCA-3FF2-428A-B132-8EC757B5E3B7}"
EndProject
Project("{9A19103F-16F7-4668-BE54-9A1E7A4F7556}") = "R5T.T0184", "..\..\R5T.T0184\source\R5T.T0184\R5T.T0184.csproj", "{E33BFEF4-38CA-4F63-B151-BB9C0DCD5C0C}"
EndProject
Project("{9A19103F-16F7-4668-BE54-9A1E7A4F7556}") = "R5T.T0185", "..\..\R5T.T0185\source\R5T.T0185\R5T.T0185.csproj", "{9A3C81C6-79BD-46A1-98C6-EF8BB3C23D89}"
EndProject
Project("{9A19103F-16F7-4668-BE54-9A1E7A4F7556}") = "R5T.T0186", "..\..\R5T.T0186\source\R5T.T0186\R5T.T0186.csproj", "{A1898026-0D42-4BAD-B07D-CCEDE5BC5CD4}"
EndProject
Project("{9A19103F-16F7-4668-BE54-9A1E7A4F7556}") = "R5T.T0198", "..\..\R5T.T0198\source\R5T.T0198\R5T.T0198.csproj", "{AB2E9E44-753A-4CBE-8C2F-54845955D90A}"
EndProject
Project("{9A19103F-16F7-4668-BE54-9A1E7A4F7556}") = "R5T.T0203", "..\..\R5T.T0203\source\R5T.T0203\R5T.T0203.csproj", "{9CACBC2F-1AC6-49E0-A6DA-A453F837C624}"
EndProject
Project("{9A19103F-16F7-4668-BE54-9A1E7A4F7556}") = "R5T.Y0000", "..\..\R5T.Y0000\source\R5T.Y0000\R5T.Y0000.csproj", "{FFE0FE79-A81D-46D5-8C4F-588598AF6B67}"
EndProject
Project("{9A19103F-16F7-4668-BE54-9A1E7A4F7556}") = "R5T.Y0004", "..\..\R5T.Y0004\source\R5T.Y0004\R5T.Y0004.csproj", "{5DAE245F-B8D5-4429-A957-E61B08583A91}"
EndProject
Project("{9A19103F-16F7-4668-BE54-9A1E7A4F7556}") = "R5T.Z0000", "..\..\R5T.Z0000\source\R5T.Z0000\R5T.Z0000.csproj", "{41DB1E4A-7797-44C9-8EF6-92564814F63C}"
EndProject
Project("{9A19103F-16F7-4668-BE54-9A1E7A4F7556}") = "R5T.Z0005", "..\..\R5T.Z0005\source\R5T.Z0005\R5T.Z0005.csproj", "{572D861F-0B57-416E-B111-D77E5F6F2ABD}"
EndProject
Project("{9A19103F-16F7-4668-BE54-9A1E7A4F7556}") = "R5T.Z0013", "..\..\R5T.Z0013\source\R5T.Z0013\R5T.Z0013.csproj", "{656CDBD9-443F-4B60-B7FC-8D9967EA4CC1}"
EndProject
Global
	GlobalSection(NestedProjects) = preSolution
		{32D54917-6FA2-4CFE-9C3C-6610A390BB51} = {CE881B4F-377F-45C0-8381-3E781D883900}
		{8F418945-4147-49CD-BAC0-019FD013C4CC} = {CE881B4F-377F-45C0-8381-3E781D883900}
		{A14BA50D-D9F2-4F14-A476-D76932997B59} = {CE881B4F-377F-45C0-8381-3E781D883900}
		{8CC10F49-7921-4099-8691-BBB1D9FB2B61} = {CE881B4F-377F-45C0-8381-3E781D883900}
		{3FC82062-3849-4E1F-B102-371828C85764} = {CE881B4F-377F-45C0-8381-3E781D883900}
		{1129D41B-C94B-44F8-8E00-C35A8D7555AB} = {CE881B4F-377F-45C0-8381-3E781D883900}
		{F4CEE383-1DE4-4CD0-986F-F43E264620E9} = {CE881B4F-377F-45C0-8381-3E781D883900}
		{FCB8CA03-01A3-42C3-9AD3-7CEA942573FD} = {CE881B4F-377F-45C0-8381-3E781D883900}
		{D4A83A34-EB87-4F34-AAAB-AE620BFE6DEB} = {CE881B4F-377F-45C0-8381-3E781D883900}
		{D3375C75-9AFE-4B65-B78E-EC3812D89ED3} = {CE881B4F-377F-45C0-8381-3E781D883900}
		{93841723-99B4-48E7-9E7A-990DBAC106B1} = {CE881B4F-377F-45C0-8381-3E781D883900}
		{9684E575-7F1E-4B11-8A2E-DA2A74980502} = {CE881B4F-377F-45C0-8381-3E781D883900}
		{32B207A4-D0A9-468B-A4C9-FEA5BFF47C4E} = {CE881B4F-377F-45C0-8381-3E781D883900}
		{08EB738E-327F-4A46-BB03-BC92BD221428} = {CE881B4F-377F-45C0-8381-3E781D883900}
		{C2ECE00C-2903-4D4E-85E6-075D7EE93C31} = {CE881B4F-377F-45C0-8381-3E781D883900}
		{340AADF1-9B56-46CD-BBA0-C7B319B2A47E} = {CE881B4F-377F-45C0-8381-3E781D883900}
		{424772F0-0017-45CC-BA3D-76D75BA94F63} = {CE881B4F-377F-45C0-8381-3E781D883900}
		{63D6E254-2FBB-4B5F-9B80-A190B8EEF6B9} = {CE881B4F-377F-45C0-8381-3E781D883900}
		{2E2777E5-55DC-4439-901F-CADDB4E42BBD} = {CE881B4F-377F-45C0-8381-3E781D883900}
		{218AA86A-C42B-43EE-BA3C-4D05AE13E171} = {CE881B4F-377F-45C0-8381-3E781D883900}
		{D25F7AA0-5ED2-429A-A36F-91A45C2F6E7F} = {CE881B4F-377F-45C0-8381-3E781D883900}
		{05C82CD8-1DB1-4957-B530-BBA014C03ECC} = {CE881B4F-377F-45C0-8381-3E781D883900}
		{F1C6CA8F-1F2E-4270-A13C-D66746DEA91B} = {CE881B4F-377F-45C0-8381-3E781D883900}
		{9C10FD37-61BD-459D-8C95-6C2B790B23EC} = {CE881B4F-377F-45C0-8381-3E781D883900}
		{6C56B7EC-F0B7-4B13-ACCB-C63F314DEF46} = {CE881B4F-377F-45C0-8381-3E781D883900}
		{F45CF435-2CE0-406D-B6E0-A359CBEB9221} = {CE881B4F-377F-45C0-8381-3E781D883900}
		{6F303A80-F894-4FA3-8340-B516DD8D0A7D} = {CE881B4F-377F-45C0-8381-3E781D883900}
		{5B3F230C-4CA6-4DB6-88E2-32452AC9DECA} = {CE881B4F-377F-45C0-8381-3E781D883900}
		{65328A9F-FD1A-493D-86EA-DEEEE5EAC811} = {CE881B4F-377F-45C0-8381-3E781D883900}
		{6D5A49A3-A5D7-453B-8838-A7F65088EB7F} = {CE881B4F-377F-45C0-8381-3E781D883900}
		{BA63CC2C-5E8B-4C80-9118-59449F19E88A} = {CE881B4F-377F-45C0-8381-3E781D883900}
		{6C95AAE5-9535-4CBF-91C2-D006078E5D37} = {CE881B4F-377F-45C0-8381-3E781D883900}
		{F8E870CA-B11E-43D0-B43A-2EBF8C3CEE95} = {CE881B4F-377F-45C0-8381-3E781D883900}
		{22C76F6F-DC2D-47C0-9FAC-6BFB64306424} = {CE881B4F-377F-45C0-8381-3E781D883900}
		{4FDF23C2-527C-4030-8EEF-A63995D1CCFE} = {CE881B4F-377F-45C0-8381-3E781D883900}
		{B9EF1A1A-15C3-46B9-AA1E-1AE21DA58C57} = {CE881B4F-377F-45C0-8381-3E781D883900}
		{FE325ECB-C288-407D-A59E-B0389D13B2D7} = {CE881B4F-377F-45C0-8381-3E781D883900}
		{1F51E778-58EF-4DAD-891D-30C5353C33C0} = {CE881B4F-377F-45C0-8381-3E781D883900}
		{F95BD997-26F5-4F5A-9058-727026052DC9} = {CE881B4F-377F-45C0-8381-3E781D883900}
		{C0E2704B-9A99-4D64-9B49-8C37C6084FC4} = {CE881B4F-377F-45C0-8381-3E781D883900}
		{8DC4D88F-1912-4DC2-84EB-0AB01C13198A} = {CE881B4F-377F-45C0-8381-3E781D883900}
		{1A0CFF66-6010-49E9-99C1-3FB61D75B340} = {CE881B4F-377F-45C0-8381-3E781D883900}
		{55FF9CCA-3FF2-428A-B132-8EC757B5E3B7} = {CE881B4F-377F-45C0-8381-3E781D883900}
		{E33BFEF4-38CA-4F63-B151-BB9C0DCD5C0C} = {CE881B4F-377F-45C0-8381-3E781D883900}
		{9A3C81C6-79BD-46A1-98C6-EF8BB3C23D89} = {CE881B4F-377F-45C0-8381-3E781D883900}
		{A1898026-0D42-4BAD-B07D-CCEDE5BC5CD4} = {CE881B4F-377F-45C0-8381-3E781D883900}
		{AB2E9E44-753A-4CBE-8C2F-54845955D90A} = {CE881B4F-377F-45C0-8381-3E781D883900}
		{9CACBC2F-1AC6-49E0-A6DA-A453F837C624} = {CE881B4F-377F-45C0-8381-3E781D883900}
		{FFE0FE79-A81D-46D5-8C4F-588598AF6B67} = {CE881B4F-377F-45C0-8381-3E781D883900}
		{5DAE245F-B8D5-4429-A957-E61B08583A91} = {CE881B4F-377F-45C0-8381-3E781D883900}
		{41DB1E4A-7797-44C9-8EF6-92564814F63C} = {CE881B4F-377F-45C0-8381-3E781D883900}
		{572D861F-0B57-416E-B111-D77E5F6F2ABD} = {CE881B4F-377F-45C0-8381-3E781D883900}
		{656CDBD9-443F-4B60-B7FC-8D9967EA4CC1} = {CE881B4F-377F-45C0-8381-3E781D883900}
	EndGlobalSection
	GlobalSection(SolutionConfigurationPlatforms) = preSolution
		Debug|Any CPU = Debug|Any CPU
		Release|Any CPU = Release|Any CPU
	EndGlobalSection
	GlobalSection(ProjectConfigurationPlatforms) = postSolution
		{30D2B6AE-5EDC-4488-85E9-46DA85C82304}.Debug|Any CPU.ActiveCfg = Debug|Any CPU
		{30D2B6AE-5EDC-4488-85E9-46DA85C82304}.Debug|Any CPU.Build.0 = Debug|Any CPU
		{30D2B6AE-5EDC-4488-85E9-46DA85C82304}.Release|Any CPU.ActiveCfg = Release|Any CPU
		{30D2B6AE-5EDC-4488-85E9-46DA85C82304}.Release|Any CPU.Build.0 = Release|Any CPU
		{AFE0B66F-8C6C-414C-AB06-20A32C7E1C1E}.Debug|Any CPU.ActiveCfg = Debug|Any CPU
		{AFE0B66F-8C6C-414C-AB06-20A32C7E1C1E}.Debug|Any CPU.Build.0 = Debug|Any CPU
		{AFE0B66F-8C6C-414C-AB06-20A32C7E1C1E}.Release|Any CPU.ActiveCfg = Release|Any CPU
		{AFE0B66F-8C6C-414C-AB06-20A32C7E1C1E}.Release|Any CPU.Build.0 = Release|Any CPU
		{32D54917-6FA2-4CFE-9C3C-6610A390BB51}.Debug|Any CPU.ActiveCfg = Debug|Any CPU
		{32D54917-6FA2-4CFE-9C3C-6610A390BB51}.Debug|Any CPU.Build.0 = Debug|Any CPU
		{32D54917-6FA2-4CFE-9C3C-6610A390BB51}.Release|Any CPU.ActiveCfg = Release|Any CPU
		{32D54917-6FA2-4CFE-9C3C-6610A390BB51}.Release|Any CPU.Build.0 = Release|Any CPU
		{8F418945-4147-49CD-BAC0-019FD013C4CC}.Debug|Any CPU.ActiveCfg = Debug|Any CPU
		{8F418945-4147-49CD-BAC0-019FD013C4CC}.Debug|Any CPU.Build.0 = Debug|Any CPU
		{8F418945-4147-49CD-BAC0-019FD013C4CC}.Release|Any CPU.ActiveCfg = Release|Any CPU
		{8F418945-4147-49CD-BAC0-019FD013C4CC}.Release|Any CPU.Build.0 = Release|Any CPU
		{A14BA50D-D9F2-4F14-A476-D76932997B59}.Debug|Any CPU.ActiveCfg = Debug|Any CPU
		{A14BA50D-D9F2-4F14-A476-D76932997B59}.Debug|Any CPU.Build.0 = Debug|Any CPU
		{A14BA50D-D9F2-4F14-A476-D76932997B59}.Release|Any CPU.ActiveCfg = Release|Any CPU
		{A14BA50D-D9F2-4F14-A476-D76932997B59}.Release|Any CPU.Build.0 = Release|Any CPU
		{8CC10F49-7921-4099-8691-BBB1D9FB2B61}.Debug|Any CPU.ActiveCfg = Debug|Any CPU
		{8CC10F49-7921-4099-8691-BBB1D9FB2B61}.Debug|Any CPU.Build.0 = Debug|Any CPU
		{8CC10F49-7921-4099-8691-BBB1D9FB2B61}.Release|Any CPU.ActiveCfg = Release|Any CPU
		{8CC10F49-7921-4099-8691-BBB1D9FB2B61}.Release|Any CPU.Build.0 = Release|Any CPU
		{3FC82062-3849-4E1F-B102-371828C85764}.Debug|Any CPU.ActiveCfg = Debug|Any CPU
		{3FC82062-3849-4E1F-B102-371828C85764}.Debug|Any CPU.Build.0 = Debug|Any CPU
		{3FC82062-3849-4E1F-B102-371828C85764}.Release|Any CPU.ActiveCfg = Release|Any CPU
		{3FC82062-3849-4E1F-B102-371828C85764}.Release|Any CPU.Build.0 = Release|Any CPU
		{1129D41B-C94B-44F8-8E00-C35A8D7555AB}.Debug|Any CPU.ActiveCfg = Debug|Any CPU
		{1129D41B-C94B-44F8-8E00-C35A8D7555AB}.Debug|Any CPU.Build.0 = Debug|Any CPU
		{1129D41B-C94B-44F8-8E00-C35A8D7555AB}.Release|Any CPU.ActiveCfg = Release|Any CPU
		{1129D41B-C94B-44F8-8E00-C35A8D7555AB}.Release|Any CPU.Build.0 = Release|Any CPU
		{F4CEE383-1DE4-4CD0-986F-F43E264620E9}.Debug|Any CPU.ActiveCfg = Debug|Any CPU
		{F4CEE383-1DE4-4CD0-986F-F43E264620E9}.Debug|Any CPU.Build.0 = Debug|Any CPU
		{F4CEE383-1DE4-4CD0-986F-F43E264620E9}.Release|Any CPU.ActiveCfg = Release|Any CPU
		{F4CEE383-1DE4-4CD0-986F-F43E264620E9}.Release|Any CPU.Build.0 = Release|Any CPU
		{FCB8CA03-01A3-42C3-9AD3-7CEA942573FD}.Debug|Any CPU.ActiveCfg = Debug|Any CPU
		{FCB8CA03-01A3-42C3-9AD3-7CEA942573FD}.Debug|Any CPU.Build.0 = Debug|Any CPU
		{FCB8CA03-01A3-42C3-9AD3-7CEA942573FD}.Release|Any CPU.ActiveCfg = Release|Any CPU
		{FCB8CA03-01A3-42C3-9AD3-7CEA942573FD}.Release|Any CPU.Build.0 = Release|Any CPU
		{D4A83A34-EB87-4F34-AAAB-AE620BFE6DEB}.Debug|Any CPU.ActiveCfg = Debug|Any CPU
		{D4A83A34-EB87-4F34-AAAB-AE620BFE6DEB}.Debug|Any CPU.Build.0 = Debug|Any CPU
		{D4A83A34-EB87-4F34-AAAB-AE620BFE6DEB}.Release|Any CPU.ActiveCfg = Release|Any CPU
		{D4A83A34-EB87-4F34-AAAB-AE620BFE6DEB}.Release|Any CPU.Build.0 = Release|Any CPU
		{D3375C75-9AFE-4B65-B78E-EC3812D89ED3}.Debug|Any CPU.ActiveCfg = Debug|Any CPU
		{D3375C75-9AFE-4B65-B78E-EC3812D89ED3}.Debug|Any CPU.Build.0 = Debug|Any CPU
		{D3375C75-9AFE-4B65-B78E-EC3812D89ED3}.Release|Any CPU.ActiveCfg = Release|Any CPU
		{D3375C75-9AFE-4B65-B78E-EC3812D89ED3}.Release|Any CPU.Build.0 = Release|Any CPU
		{93841723-99B4-48E7-9E7A-990DBAC106B1}.Debug|Any CPU.ActiveCfg = Debug|Any CPU
		{93841723-99B4-48E7-9E7A-990DBAC106B1}.Debug|Any CPU.Build.0 = Debug|Any CPU
		{93841723-99B4-48E7-9E7A-990DBAC106B1}.Release|Any CPU.ActiveCfg = Release|Any CPU
		{93841723-99B4-48E7-9E7A-990DBAC106B1}.Release|Any CPU.Build.0 = Release|Any CPU
		{9684E575-7F1E-4B11-8A2E-DA2A74980502}.Debug|Any CPU.ActiveCfg = Debug|Any CPU
		{9684E575-7F1E-4B11-8A2E-DA2A74980502}.Debug|Any CPU.Build.0 = Debug|Any CPU
		{9684E575-7F1E-4B11-8A2E-DA2A74980502}.Release|Any CPU.ActiveCfg = Release|Any CPU
		{9684E575-7F1E-4B11-8A2E-DA2A74980502}.Release|Any CPU.Build.0 = Release|Any CPU
		{32B207A4-D0A9-468B-A4C9-FEA5BFF47C4E}.Debug|Any CPU.ActiveCfg = Debug|Any CPU
		{32B207A4-D0A9-468B-A4C9-FEA5BFF47C4E}.Debug|Any CPU.Build.0 = Debug|Any CPU
		{32B207A4-D0A9-468B-A4C9-FEA5BFF47C4E}.Release|Any CPU.ActiveCfg = Release|Any CPU
		{32B207A4-D0A9-468B-A4C9-FEA5BFF47C4E}.Release|Any CPU.Build.0 = Release|Any CPU
		{08EB738E-327F-4A46-BB03-BC92BD221428}.Debug|Any CPU.ActiveCfg = Debug|Any CPU
		{08EB738E-327F-4A46-BB03-BC92BD221428}.Debug|Any CPU.Build.0 = Debug|Any CPU
		{08EB738E-327F-4A46-BB03-BC92BD221428}.Release|Any CPU.ActiveCfg = Release|Any CPU
		{08EB738E-327F-4A46-BB03-BC92BD221428}.Release|Any CPU.Build.0 = Release|Any CPU
		{C2ECE00C-2903-4D4E-85E6-075D7EE93C31}.Debug|Any CPU.ActiveCfg = Debug|Any CPU
		{C2ECE00C-2903-4D4E-85E6-075D7EE93C31}.Debug|Any CPU.Build.0 = Debug|Any CPU
		{C2ECE00C-2903-4D4E-85E6-075D7EE93C31}.Release|Any CPU.ActiveCfg = Release|Any CPU
		{C2ECE00C-2903-4D4E-85E6-075D7EE93C31}.Release|Any CPU.Build.0 = Release|Any CPU
		{340AADF1-9B56-46CD-BBA0-C7B319B2A47E}.Debug|Any CPU.ActiveCfg = Debug|Any CPU
		{340AADF1-9B56-46CD-BBA0-C7B319B2A47E}.Debug|Any CPU.Build.0 = Debug|Any CPU
		{340AADF1-9B56-46CD-BBA0-C7B319B2A47E}.Release|Any CPU.ActiveCfg = Release|Any CPU
		{340AADF1-9B56-46CD-BBA0-C7B319B2A47E}.Release|Any CPU.Build.0 = Release|Any CPU
		{424772F0-0017-45CC-BA3D-76D75BA94F63}.Debug|Any CPU.ActiveCfg = Debug|Any CPU
		{424772F0-0017-45CC-BA3D-76D75BA94F63}.Debug|Any CPU.Build.0 = Debug|Any CPU
		{424772F0-0017-45CC-BA3D-76D75BA94F63}.Release|Any CPU.ActiveCfg = Release|Any CPU
		{424772F0-0017-45CC-BA3D-76D75BA94F63}.Release|Any CPU.Build.0 = Release|Any CPU
		{63D6E254-2FBB-4B5F-9B80-A190B8EEF6B9}.Debug|Any CPU.ActiveCfg = Debug|Any CPU
		{63D6E254-2FBB-4B5F-9B80-A190B8EEF6B9}.Debug|Any CPU.Build.0 = Debug|Any CPU
		{63D6E254-2FBB-4B5F-9B80-A190B8EEF6B9}.Release|Any CPU.ActiveCfg = Release|Any CPU
		{63D6E254-2FBB-4B5F-9B80-A190B8EEF6B9}.Release|Any CPU.Build.0 = Release|Any CPU
		{2E2777E5-55DC-4439-901F-CADDB4E42BBD}.Debug|Any CPU.ActiveCfg = Debug|Any CPU
		{2E2777E5-55DC-4439-901F-CADDB4E42BBD}.Debug|Any CPU.Build.0 = Debug|Any CPU
		{2E2777E5-55DC-4439-901F-CADDB4E42BBD}.Release|Any CPU.ActiveCfg = Release|Any CPU
		{2E2777E5-55DC-4439-901F-CADDB4E42BBD}.Release|Any CPU.Build.0 = Release|Any CPU
		{218AA86A-C42B-43EE-BA3C-4D05AE13E171}.Debug|Any CPU.ActiveCfg = Debug|Any CPU
		{218AA86A-C42B-43EE-BA3C-4D05AE13E171}.Debug|Any CPU.Build.0 = Debug|Any CPU
		{218AA86A-C42B-43EE-BA3C-4D05AE13E171}.Release|Any CPU.ActiveCfg = Release|Any CPU
		{218AA86A-C42B-43EE-BA3C-4D05AE13E171}.Release|Any CPU.Build.0 = Release|Any CPU
		{D25F7AA0-5ED2-429A-A36F-91A45C2F6E7F}.Debug|Any CPU.ActiveCfg = Debug|Any CPU
		{D25F7AA0-5ED2-429A-A36F-91A45C2F6E7F}.Debug|Any CPU.Build.0 = Debug|Any CPU
		{D25F7AA0-5ED2-429A-A36F-91A45C2F6E7F}.Release|Any CPU.ActiveCfg = Release|Any CPU
		{D25F7AA0-5ED2-429A-A36F-91A45C2F6E7F}.Release|Any CPU.Build.0 = Release|Any CPU
		{05C82CD8-1DB1-4957-B530-BBA014C03ECC}.Debug|Any CPU.ActiveCfg = Debug|Any CPU
		{05C82CD8-1DB1-4957-B530-BBA014C03ECC}.Debug|Any CPU.Build.0 = Debug|Any CPU
		{05C82CD8-1DB1-4957-B530-BBA014C03ECC}.Release|Any CPU.ActiveCfg = Release|Any CPU
		{05C82CD8-1DB1-4957-B530-BBA014C03ECC}.Release|Any CPU.Build.0 = Release|Any CPU
		{F1C6CA8F-1F2E-4270-A13C-D66746DEA91B}.Debug|Any CPU.ActiveCfg = Debug|Any CPU
		{F1C6CA8F-1F2E-4270-A13C-D66746DEA91B}.Debug|Any CPU.Build.0 = Debug|Any CPU
		{F1C6CA8F-1F2E-4270-A13C-D66746DEA91B}.Release|Any CPU.ActiveCfg = Release|Any CPU
		{F1C6CA8F-1F2E-4270-A13C-D66746DEA91B}.Release|Any CPU.Build.0 = Release|Any CPU
		{9C10FD37-61BD-459D-8C95-6C2B790B23EC}.Debug|Any CPU.ActiveCfg = Debug|Any CPU
		{9C10FD37-61BD-459D-8C95-6C2B790B23EC}.Debug|Any CPU.Build.0 = Debug|Any CPU
		{9C10FD37-61BD-459D-8C95-6C2B790B23EC}.Release|Any CPU.ActiveCfg = Release|Any CPU
		{9C10FD37-61BD-459D-8C95-6C2B790B23EC}.Release|Any CPU.Build.0 = Release|Any CPU
		{6C56B7EC-F0B7-4B13-ACCB-C63F314DEF46}.Debug|Any CPU.ActiveCfg = Debug|Any CPU
		{6C56B7EC-F0B7-4B13-ACCB-C63F314DEF46}.Debug|Any CPU.Build.0 = Debug|Any CPU
		{6C56B7EC-F0B7-4B13-ACCB-C63F314DEF46}.Release|Any CPU.ActiveCfg = Release|Any CPU
		{6C56B7EC-F0B7-4B13-ACCB-C63F314DEF46}.Release|Any CPU.Build.0 = Release|Any CPU
		{F45CF435-2CE0-406D-B6E0-A359CBEB9221}.Debug|Any CPU.ActiveCfg = Debug|Any CPU
		{F45CF435-2CE0-406D-B6E0-A359CBEB9221}.Debug|Any CPU.Build.0 = Debug|Any CPU
		{F45CF435-2CE0-406D-B6E0-A359CBEB9221}.Release|Any CPU.ActiveCfg = Release|Any CPU
		{F45CF435-2CE0-406D-B6E0-A359CBEB9221}.Release|Any CPU.Build.0 = Release|Any CPU
		{6F303A80-F894-4FA3-8340-B516DD8D0A7D}.Debug|Any CPU.ActiveCfg = Debug|Any CPU
		{6F303A80-F894-4FA3-8340-B516DD8D0A7D}.Debug|Any CPU.Build.0 = Debug|Any CPU
		{6F303A80-F894-4FA3-8340-B516DD8D0A7D}.Release|Any CPU.ActiveCfg = Release|Any CPU
		{6F303A80-F894-4FA3-8340-B516DD8D0A7D}.Release|Any CPU.Build.0 = Release|Any CPU
		{5B3F230C-4CA6-4DB6-88E2-32452AC9DECA}.Debug|Any CPU.ActiveCfg = Debug|Any CPU
		{5B3F230C-4CA6-4DB6-88E2-32452AC9DECA}.Debug|Any CPU.Build.0 = Debug|Any CPU
		{5B3F230C-4CA6-4DB6-88E2-32452AC9DECA}.Release|Any CPU.ActiveCfg = Release|Any CPU
		{5B3F230C-4CA6-4DB6-88E2-32452AC9DECA}.Release|Any CPU.Build.0 = Release|Any CPU
		{65328A9F-FD1A-493D-86EA-DEEEE5EAC811}.Debug|Any CPU.ActiveCfg = Debug|Any CPU
		{65328A9F-FD1A-493D-86EA-DEEEE5EAC811}.Debug|Any CPU.Build.0 = Debug|Any CPU
		{65328A9F-FD1A-493D-86EA-DEEEE5EAC811}.Release|Any CPU.ActiveCfg = Release|Any CPU
		{65328A9F-FD1A-493D-86EA-DEEEE5EAC811}.Release|Any CPU.Build.0 = Release|Any CPU
		{6D5A49A3-A5D7-453B-8838-A7F65088EB7F}.Debug|Any CPU.ActiveCfg = Debug|Any CPU
		{6D5A49A3-A5D7-453B-8838-A7F65088EB7F}.Debug|Any CPU.Build.0 = Debug|Any CPU
		{6D5A49A3-A5D7-453B-8838-A7F65088EB7F}.Release|Any CPU.ActiveCfg = Release|Any CPU
		{6D5A49A3-A5D7-453B-8838-A7F65088EB7F}.Release|Any CPU.Build.0 = Release|Any CPU
		{BA63CC2C-5E8B-4C80-9118-59449F19E88A}.Debug|Any CPU.ActiveCfg = Debug|Any CPU
		{BA63CC2C-5E8B-4C80-9118-59449F19E88A}.Debug|Any CPU.Build.0 = Debug|Any CPU
		{BA63CC2C-5E8B-4C80-9118-59449F19E88A}.Release|Any CPU.ActiveCfg = Release|Any CPU
		{BA63CC2C-5E8B-4C80-9118-59449F19E88A}.Release|Any CPU.Build.0 = Release|Any CPU
		{6C95AAE5-9535-4CBF-91C2-D006078E5D37}.Debug|Any CPU.ActiveCfg = Debug|Any CPU
		{6C95AAE5-9535-4CBF-91C2-D006078E5D37}.Debug|Any CPU.Build.0 = Debug|Any CPU
		{6C95AAE5-9535-4CBF-91C2-D006078E5D37}.Release|Any CPU.ActiveCfg = Release|Any CPU
		{6C95AAE5-9535-4CBF-91C2-D006078E5D37}.Release|Any CPU.Build.0 = Release|Any CPU
		{F8E870CA-B11E-43D0-B43A-2EBF8C3CEE95}.Debug|Any CPU.ActiveCfg = Debug|Any CPU
		{F8E870CA-B11E-43D0-B43A-2EBF8C3CEE95}.Debug|Any CPU.Build.0 = Debug|Any CPU
		{F8E870CA-B11E-43D0-B43A-2EBF8C3CEE95}.Release|Any CPU.ActiveCfg = Release|Any CPU
		{F8E870CA-B11E-43D0-B43A-2EBF8C3CEE95}.Release|Any CPU.Build.0 = Release|Any CPU
		{22C76F6F-DC2D-47C0-9FAC-6BFB64306424}.Debug|Any CPU.ActiveCfg = Debug|Any CPU
		{22C76F6F-DC2D-47C0-9FAC-6BFB64306424}.Debug|Any CPU.Build.0 = Debug|Any CPU
		{22C76F6F-DC2D-47C0-9FAC-6BFB64306424}.Release|Any CPU.ActiveCfg = Release|Any CPU
		{22C76F6F-DC2D-47C0-9FAC-6BFB64306424}.Release|Any CPU.Build.0 = Release|Any CPU
		{4FDF23C2-527C-4030-8EEF-A63995D1CCFE}.Debug|Any CPU.ActiveCfg = Debug|Any CPU
		{4FDF23C2-527C-4030-8EEF-A63995D1CCFE}.Debug|Any CPU.Build.0 = Debug|Any CPU
		{4FDF23C2-527C-4030-8EEF-A63995D1CCFE}.Release|Any CPU.ActiveCfg = Release|Any CPU
		{4FDF23C2-527C-4030-8EEF-A63995D1CCFE}.Release|Any CPU.Build.0 = Release|Any CPU
		{B9EF1A1A-15C3-46B9-AA1E-1AE21DA58C57}.Debug|Any CPU.ActiveCfg = Debug|Any CPU
		{B9EF1A1A-15C3-46B9-AA1E-1AE21DA58C57}.Debug|Any CPU.Build.0 = Debug|Any CPU
		{B9EF1A1A-15C3-46B9-AA1E-1AE21DA58C57}.Release|Any CPU.ActiveCfg = Release|Any CPU
		{B9EF1A1A-15C3-46B9-AA1E-1AE21DA58C57}.Release|Any CPU.Build.0 = Release|Any CPU
		{FE325ECB-C288-407D-A59E-B0389D13B2D7}.Debug|Any CPU.ActiveCfg = Debug|Any CPU
		{FE325ECB-C288-407D-A59E-B0389D13B2D7}.Debug|Any CPU.Build.0 = Debug|Any CPU
		{FE325ECB-C288-407D-A59E-B0389D13B2D7}.Release|Any CPU.ActiveCfg = Release|Any CPU
		{FE325ECB-C288-407D-A59E-B0389D13B2D7}.Release|Any CPU.Build.0 = Release|Any CPU
		{1F51E778-58EF-4DAD-891D-30C5353C33C0}.Debug|Any CPU.ActiveCfg = Debug|Any CPU
		{1F51E778-58EF-4DAD-891D-30C5353C33C0}.Debug|Any CPU.Build.0 = Debug|Any CPU
		{1F51E778-58EF-4DAD-891D-30C5353C33C0}.Release|Any CPU.ActiveCfg = Release|Any CPU
		{1F51E778-58EF-4DAD-891D-30C5353C33C0}.Release|Any CPU.Build.0 = Release|Any CPU
		{F95BD997-26F5-4F5A-9058-727026052DC9}.Debug|Any CPU.ActiveCfg = Debug|Any CPU
		{F95BD997-26F5-4F5A-9058-727026052DC9}.Debug|Any CPU.Build.0 = Debug|Any CPU
		{F95BD997-26F5-4F5A-9058-727026052DC9}.Release|Any CPU.ActiveCfg = Release|Any CPU
		{F95BD997-26F5-4F5A-9058-727026052DC9}.Release|Any CPU.Build.0 = Release|Any CPU
		{C0E2704B-9A99-4D64-9B49-8C37C6084FC4}.Debug|Any CPU.ActiveCfg = Debug|Any CPU
		{C0E2704B-9A99-4D64-9B49-8C37C6084FC4}.Debug|Any CPU.Build.0 = Debug|Any CPU
		{C0E2704B-9A99-4D64-9B49-8C37C6084FC4}.Release|Any CPU.ActiveCfg = Release|Any CPU
		{C0E2704B-9A99-4D64-9B49-8C37C6084FC4}.Release|Any CPU.Build.0 = Release|Any CPU
		{8DC4D88F-1912-4DC2-84EB-0AB01C13198A}.Debug|Any CPU.ActiveCfg = Debug|Any CPU
		{8DC4D88F-1912-4DC2-84EB-0AB01C13198A}.Debug|Any CPU.Build.0 = Debug|Any CPU
		{8DC4D88F-1912-4DC2-84EB-0AB01C13198A}.Release|Any CPU.ActiveCfg = Release|Any CPU
		{8DC4D88F-1912-4DC2-84EB-0AB01C13198A}.Release|Any CPU.Build.0 = Release|Any CPU
		{1A0CFF66-6010-49E9-99C1-3FB61D75B340}.Debug|Any CPU.ActiveCfg = Debug|Any CPU
		{1A0CFF66-6010-49E9-99C1-3FB61D75B340}.Debug|Any CPU.Build.0 = Debug|Any CPU
		{1A0CFF66-6010-49E9-99C1-3FB61D75B340}.Release|Any CPU.ActiveCfg = Release|Any CPU
		{1A0CFF66-6010-49E9-99C1-3FB61D75B340}.Release|Any CPU.Build.0 = Release|Any CPU
		{55FF9CCA-3FF2-428A-B132-8EC757B5E3B7}.Debug|Any CPU.ActiveCfg = Debug|Any CPU
		{55FF9CCA-3FF2-428A-B132-8EC757B5E3B7}.Debug|Any CPU.Build.0 = Debug|Any CPU
		{55FF9CCA-3FF2-428A-B132-8EC757B5E3B7}.Release|Any CPU.ActiveCfg = Release|Any CPU
		{55FF9CCA-3FF2-428A-B132-8EC757B5E3B7}.Release|Any CPU.Build.0 = Release|Any CPU
		{E33BFEF4-38CA-4F63-B151-BB9C0DCD5C0C}.Debug|Any CPU.ActiveCfg = Debug|Any CPU
		{E33BFEF4-38CA-4F63-B151-BB9C0DCD5C0C}.Debug|Any CPU.Build.0 = Debug|Any CPU
		{E33BFEF4-38CA-4F63-B151-BB9C0DCD5C0C}.Release|Any CPU.ActiveCfg = Release|Any CPU
		{E33BFEF4-38CA-4F63-B151-BB9C0DCD5C0C}.Release|Any CPU.Build.0 = Release|Any CPU
		{9A3C81C6-79BD-46A1-98C6-EF8BB3C23D89}.Debug|Any CPU.ActiveCfg = Debug|Any CPU
		{9A3C81C6-79BD-46A1-98C6-EF8BB3C23D89}.Debug|Any CPU.Build.0 = Debug|Any CPU
		{9A3C81C6-79BD-46A1-98C6-EF8BB3C23D89}.Release|Any CPU.ActiveCfg = Release|Any CPU
		{9A3C81C6-79BD-46A1-98C6-EF8BB3C23D89}.Release|Any CPU.Build.0 = Release|Any CPU
		{A1898026-0D42-4BAD-B07D-CCEDE5BC5CD4}.Debug|Any CPU.ActiveCfg = Debug|Any CPU
		{A1898026-0D42-4BAD-B07D-CCEDE5BC5CD4}.Debug|Any CPU.Build.0 = Debug|Any CPU
		{A1898026-0D42-4BAD-B07D-CCEDE5BC5CD4}.Release|Any CPU.ActiveCfg = Release|Any CPU
		{A1898026-0D42-4BAD-B07D-CCEDE5BC5CD4}.Release|Any CPU.Build.0 = Release|Any CPU
		{AB2E9E44-753A-4CBE-8C2F-54845955D90A}.Debug|Any CPU.ActiveCfg = Debug|Any CPU
		{AB2E9E44-753A-4CBE-8C2F-54845955D90A}.Debug|Any CPU.Build.0 = Debug|Any CPU
		{AB2E9E44-753A-4CBE-8C2F-54845955D90A}.Release|Any CPU.ActiveCfg = Release|Any CPU
		{AB2E9E44-753A-4CBE-8C2F-54845955D90A}.Release|Any CPU.Build.0 = Release|Any CPU
		{9CACBC2F-1AC6-49E0-A6DA-A453F837C624}.Debug|Any CPU.ActiveCfg = Debug|Any CPU
		{9CACBC2F-1AC6-49E0-A6DA-A453F837C624}.Debug|Any CPU.Build.0 = Debug|Any CPU
		{9CACBC2F-1AC6-49E0-A6DA-A453F837C624}.Release|Any CPU.ActiveCfg = Release|Any CPU
		{9CACBC2F-1AC6-49E0-A6DA-A453F837C624}.Release|Any CPU.Build.0 = Release|Any CPU
		{FFE0FE79-A81D-46D5-8C4F-588598AF6B67}.Debug|Any CPU.ActiveCfg = Debug|Any CPU
		{FFE0FE79-A81D-46D5-8C4F-588598AF6B67}.Debug|Any CPU.Build.0 = Debug|Any CPU
		{FFE0FE79-A81D-46D5-8C4F-588598AF6B67}.Release|Any CPU.ActiveCfg = Release|Any CPU
		{FFE0FE79-A81D-46D5-8C4F-588598AF6B67}.Release|Any CPU.Build.0 = Release|Any CPU
		{5DAE245F-B8D5-4429-A957-E61B08583A91}.Debug|Any CPU.ActiveCfg = Debug|Any CPU
		{5DAE245F-B8D5-4429-A957-E61B08583A91}.Debug|Any CPU.Build.0 = Debug|Any CPU
		{5DAE245F-B8D5-4429-A957-E61B08583A91}.Release|Any CPU.ActiveCfg = Release|Any CPU
		{5DAE245F-B8D5-4429-A957-E61B08583A91}.Release|Any CPU.Build.0 = Release|Any CPU
		{41DB1E4A-7797-44C9-8EF6-92564814F63C}.Debug|Any CPU.ActiveCfg = Debug|Any CPU
		{41DB1E4A-7797-44C9-8EF6-92564814F63C}.Debug|Any CPU.Build.0 = Debug|Any CPU
		{41DB1E4A-7797-44C9-8EF6-92564814F63C}.Release|Any CPU.ActiveCfg = Release|Any CPU
		{41DB1E4A-7797-44C9-8EF6-92564814F63C}.Release|Any CPU.Build.0 = Release|Any CPU
		{572D861F-0B57-416E-B111-D77E5F6F2ABD}.Debug|Any CPU.ActiveCfg = Debug|Any CPU
		{572D861F-0B57-416E-B111-D77E5F6F2ABD}.Debug|Any CPU.Build.0 = Debug|Any CPU
		{572D861F-0B57-416E-B111-D77E5F6F2ABD}.Release|Any CPU.ActiveCfg = Release|Any CPU
		{572D861F-0B57-416E-B111-D77E5F6F2ABD}.Release|Any CPU.Build.0 = Release|Any CPU
		{656CDBD9-443F-4B60-B7FC-8D9967EA4CC1}.Debug|Any CPU.ActiveCfg = Debug|Any CPU
		{656CDBD9-443F-4B60-B7FC-8D9967EA4CC1}.Debug|Any CPU.Build.0 = Debug|Any CPU
		{656CDBD9-443F-4B60-B7FC-8D9967EA4CC1}.Release|Any CPU.ActiveCfg = Release|Any CPU
		{656CDBD9-443F-4B60-B7FC-8D9967EA4CC1}.Release|Any CPU.Build.0 = Release|Any CPU
	EndGlobalSection
	GlobalSection(SolutionProperties) = preSolution
		HideSolutionNode = FALSE
	EndGlobalSection
	GlobalSection(ExtensibilityGlobals) = postSolution
		SolutionGuid = {94B0E15F-FFBF-4414-A915-EC4E6522F038}
	EndGlobalSection
EndGlobal
