
Microsoft Visual Studio Solution File, Format Version 12.00
# Visual Studio Version 17
VisualStudioVersion = 17.2.32630.192
MinimumVisualStudioVersion = 10.0.40219.1
Project("{9A19103F-16F7-4668-BE54-9A1E7A4F7556}") = "R5T.O0017", "R5T.O0017\R5T.O0017.csproj", "{B4489CEE-47D8-4943-AA42-AE81B8213C85}"
EndProject
Project("{2150E333-8FDC-42A3-9474-1A3956D46DE8}") = "_Dependencies", "_Dependencies", "{E0CDCE19-F479-47A0-B5FC-A4ECD0D56A4C}"
EndProject
Project("{9A19103F-16F7-4668-BE54-9A1E7A4F7556}") = "R5T.F0000", "..\..\R5T.F0000\source\R5T.F0000\R5T.F0000.csproj", "{8DC3A5BC-9324-4E8A-9346-E29FB25E5B82}"
EndProject
Project("{9A19103F-16F7-4668-BE54-9A1E7A4F7556}") = "R5T.F0002", "..\..\R5T.F0002\source\R5T.F0002\R5T.F0002.csproj", "{BA48C561-FA3F-4966-B631-55E06D826E54}"
EndProject
Project("{9A19103F-16F7-4668-BE54-9A1E7A4F7556}") = "R5T.F0019", "..\..\R5T.F0019\source\R5T.F0019\R5T.F0019.csproj", "{A4D1774A-CFEA-4E37-B622-99260AF48E9C}"
EndProject
Project("{9A19103F-16F7-4668-BE54-9A1E7A4F7556}") = "R5T.F0032", "..\..\R5T.F0032\source\R5T.F0032\R5T.F0032.csproj", "{828BD31A-55D7-4C83-898E-BB7C561B494E}"
EndProject
Project("{9A19103F-16F7-4668-BE54-9A1E7A4F7556}") = "R5T.F0041", "..\..\R5T.F0041\source\R5T.F0041\R5T.F0041.csproj", "{C0605572-2D79-41B3-A4FB-A3115281B278}"
EndProject
Project("{9A19103F-16F7-4668-BE54-9A1E7A4F7556}") = "R5T.F0044", "..\..\R5T.F0044\source\R5T.F0044\R5T.F0044.csproj", "{BC797A78-C302-4712-9C99-C4D3CAEAB126}"
EndProject
Project("{9A19103F-16F7-4668-BE54-9A1E7A4F7556}") = "R5T.F0046", "..\..\R5T.F0046\source\R5T.F0046\R5T.F0046.csproj", "{89C14C1B-1957-4263-A4E2-B6C5E6D163E8}"
EndProject
Project("{9A19103F-16F7-4668-BE54-9A1E7A4F7556}") = "R5T.F0047", "..\..\R5T.F0047\source\R5T.F0047\R5T.F0047.csproj", "{5B5455AA-D3DB-4353-B91D-9FDBC6A3EB84}"
EndProject
Project("{9A19103F-16F7-4668-BE54-9A1E7A4F7556}") = "R5T.F0057", "..\..\R5T.F0057\source\R5T.F0057\R5T.F0057.csproj", "{AB7CE36C-8A47-4283-9910-965B0DE4AF6B}"
EndProject
Project("{9A19103F-16F7-4668-BE54-9A1E7A4F7556}") = "R5T.F0120", "..\..\R5T.F0120\source\R5T.F0120\R5T.F0120.csproj", "{333E8F4A-C5E2-4AB0-9240-016CD5A69ACE}"
EndProject
Project("{9A19103F-16F7-4668-BE54-9A1E7A4F7556}") = "R5T.F0124", "..\..\R5T.F0124\source\R5T.F0124\R5T.F0124.csproj", "{DE8E174D-0D89-45B8-BFD6-7589CDC22786}"
EndProject
Project("{9A19103F-16F7-4668-BE54-9A1E7A4F7556}") = "R5T.F0125", "..\..\R5T.F0125\source\R5T.F0125\R5T.F0125.csproj", "{F64FD126-AA68-4293-8D6F-347B816EBE9D}"
EndProject
Project("{9A19103F-16F7-4668-BE54-9A1E7A4F7556}") = "R5T.L0001.Y000", "..\..\R5T.L0001\source\R5T.L0001.Y000\R5T.L0001.Y000.csproj", "{323F6181-67C6-483C-A4C7-CF0E8380B76E}"
EndProject
Project("{9A19103F-16F7-4668-BE54-9A1E7A4F7556}") = "R5T.L0001.Z000", "..\..\R5T.L0001\source\R5T.L0001.Z000\R5T.L0001.Z000.csproj", "{B648FD61-5D07-48EB-A5D9-5110C40C2876}"
EndProject
Project("{9A19103F-16F7-4668-BE54-9A1E7A4F7556}") = "R5T.L0001", "..\..\R5T.L0001\source\R5T.L0001\R5T.L0001.csproj", "{F5FF3B7F-7340-4FA2-A084-251BEDD1AFC2}"
EndProject
Project("{9A19103F-16F7-4668-BE54-9A1E7A4F7556}") = "R5T.L0030.T000", "..\..\R5T.L0030\source\R5T.L0030.T000\R5T.L0030.T000.csproj", "{4C801875-13F8-4665-9C1B-52B6D24B7ECC}"
EndProject
Project("{9A19103F-16F7-4668-BE54-9A1E7A4F7556}") = "R5T.L0030", "..\..\R5T.L0030\source\R5T.L0030\R5T.L0030.csproj", "{A36841C7-67F7-4A5F-8D3D-F4F74B0AA1E1}"
EndProject
Project("{9A19103F-16F7-4668-BE54-9A1E7A4F7556}") = "R5T.L0031.T000", "..\..\R5T.L0031\source\R5T.L0031.T000\R5T.L0031.T000.csproj", "{5D5479F7-06A0-4C7E-89EE-811336758A22}"
EndProject
Project("{9A19103F-16F7-4668-BE54-9A1E7A4F7556}") = "R5T.L0031", "..\..\R5T.L0031\source\R5T.L0031\R5T.L0031.csproj", "{5B002EE3-0C61-4062-810C-C9B6D204053F}"
EndProject
Project("{9A19103F-16F7-4668-BE54-9A1E7A4F7556}") = "R5T.L0034", "..\..\R5T.L0034\source\R5T.L0034\R5T.L0034.csproj", "{B1A61D9F-F07E-4810-A678-A67B7D51AD59}"
EndProject
Project("{9A19103F-16F7-4668-BE54-9A1E7A4F7556}") = "R5T.L0035", "..\..\R5T.L0035\source\R5T.L0035\R5T.L0035.csproj", "{66B7ADCB-A95F-4084-8A44-0B379577FA63}"
EndProject
Project("{9A19103F-16F7-4668-BE54-9A1E7A4F7556}") = "R5T.L0036.T000", "..\..\R5T.L0036\source\R5T.L0036.T000\R5T.L0036.T000.csproj", "{5C3B3C71-9BB8-427A-B1CA-A71484C206EA}"
EndProject
Project("{9A19103F-16F7-4668-BE54-9A1E7A4F7556}") = "R5T.L0036", "..\..\R5T.L0036\source\R5T.L0036\R5T.L0036.csproj", "{67938325-E0A3-4B39-A4CF-046B1EFC3742}"
EndProject
Project("{9A19103F-16F7-4668-BE54-9A1E7A4F7556}") = "R5T.NG0005", "..\..\R5T.NG0005\source\R5T.NG0005\R5T.NG0005.csproj", "{E5BE0B21-95F9-4E1F-A70C-78B717215B15}"
EndProject
Project("{9A19103F-16F7-4668-BE54-9A1E7A4F7556}") = "R5T.NG0006", "..\..\R5T.NG0006\source\R5T.NG0006\R5T.NG0006.csproj", "{14BE5AB2-9A30-4907-8EE2-C2B7E1D6DC2E}"
EndProject
Project("{9A19103F-16F7-4668-BE54-9A1E7A4F7556}") = "R5T.NG0008", "..\..\R5T.NG0008\source\R5T.NG0008\R5T.NG0008.csproj", "{AEE628E0-6C0E-49F9-9E8F-96A85F6997A7}"
EndProject
Project("{9A19103F-16F7-4668-BE54-9A1E7A4F7556}") = "R5T.T0046", "..\..\R5T.T0046\source\R5T.T0046\R5T.T0046.csproj", "{C517D1F5-E065-49B0-BCDE-97007EF32AB2}"
EndProject
Project("{9A19103F-16F7-4668-BE54-9A1E7A4F7556}") = "R5T.T0131", "..\..\R5T.T0131\source\R5T.T0131\R5T.T0131.csproj", "{28CB6DD3-49AF-455B-A8C9-426A90030FBD}"
EndProject
Project("{9A19103F-16F7-4668-BE54-9A1E7A4F7556}") = "R5T.T0132", "..\..\R5T.T0132\source\R5T.T0132\R5T.T0132.csproj", "{25CA0892-DA52-475C-A019-9A8A00E38383}"
EndProject
Project("{9A19103F-16F7-4668-BE54-9A1E7A4F7556}") = "R5T.T0137", "..\..\R5T.T0137\source\R5T.T0137\R5T.T0137.csproj", "{D4129D3D-6E0A-48D1-A529-B196F85BBC7F}"
EndProject
Project("{9A19103F-16F7-4668-BE54-9A1E7A4F7556}") = "R5T.T0142", "..\..\R5T.T0142\source\R5T.T0142\R5T.T0142.csproj", "{6D1CE8C1-A8BB-47DA-883A-A7968B0BE243}"
EndProject
Project("{9A19103F-16F7-4668-BE54-9A1E7A4F7556}") = "R5T.T0143", "..\..\R5T.T0143\source\R5T.T0143\R5T.T0143.csproj", "{0096736A-F1BB-4B58-B748-CEF3EF88E262}"
EndProject
Project("{9A19103F-16F7-4668-BE54-9A1E7A4F7556}") = "R5T.T0144", "..\..\R5T.T0144\source\R5T.T0144\R5T.T0144.csproj", "{4F9637C7-32A7-47B4-8397-FA95BC3C3984}"
EndProject
Project("{9A19103F-16F7-4668-BE54-9A1E7A4F7556}") = "R5T.T0156", "..\..\R5T.T0156\source\R5T.T0156\R5T.T0156.csproj", "{CEA54EF5-6063-41C9-8ACF-E7EF2F6DD887}"
EndProject
Project("{9A19103F-16F7-4668-BE54-9A1E7A4F7556}") = "R5T.T0158", "..\..\R5T.T0158\source\R5T.T0158\R5T.T0158.csproj", "{70F8CA69-C94F-4CF7-8C6B-D2EAF0AB646A}"
EndProject
Project("{9A19103F-16F7-4668-BE54-9A1E7A4F7556}") = "R5T.T0159", "..\..\R5T.T0159\source\R5T.T0159\R5T.T0159.csproj", "{B29C7B7F-F875-45D9-AFAA-4CE59FE62578}"
EndProject
Project("{9A19103F-16F7-4668-BE54-9A1E7A4F7556}") = "R5T.T0174", "..\..\R5T.T0174\source\R5T.T0174\R5T.T0174.csproj", "{E037AC82-8685-4ED5-AF84-A97601A50989}"
EndProject
Project("{9A19103F-16F7-4668-BE54-9A1E7A4F7556}") = "R5T.T0176", "..\..\R5T.T0176\source\R5T.T0176\R5T.T0176.csproj", "{17A167DB-E217-4D0F-A77E-903924D7F6CC}"
EndProject
Project("{9A19103F-16F7-4668-BE54-9A1E7A4F7556}") = "R5T.T0177", "..\..\R5T.T0177\source\R5T.T0177\R5T.T0177.csproj", "{A43E49EA-1126-4C0D-B455-62CE6F89F783}"
EndProject
Project("{9A19103F-16F7-4668-BE54-9A1E7A4F7556}") = "R5T.T0178", "..\..\R5T.T0178\source\R5T.T0178\R5T.T0178.csproj", "{BC5B44DF-341A-4929-9B43-F1A1D5C1F117}"
EndProject
Project("{9A19103F-16F7-4668-BE54-9A1E7A4F7556}") = "R5T.T0179", "..\..\R5T.T0179\source\R5T.T0179\R5T.T0179.csproj", "{775A31D8-3B27-420D-8801-3D0A312C6BBF}"
EndProject
Project("{9A19103F-16F7-4668-BE54-9A1E7A4F7556}") = "R5T.T0180", "..\..\R5T.T0180\source\R5T.T0180\R5T.T0180.csproj", "{63A3A5BE-CA5F-4452-A818-5C45184903F9}"
EndProject
Project("{9A19103F-16F7-4668-BE54-9A1E7A4F7556}") = "R5T.T0181", "..\..\R5T.T0181\source\R5T.T0181\R5T.T0181.csproj", "{C87B1C99-9676-4451-91E7-2A2EFEAB07BC}"
EndProject
Project("{9A19103F-16F7-4668-BE54-9A1E7A4F7556}") = "R5T.T0184", "..\..\R5T.T0184\source\R5T.T0184\R5T.T0184.csproj", "{9BBC0E71-2974-4976-943C-A8B3EFC101D9}"
EndProject
Project("{9A19103F-16F7-4668-BE54-9A1E7A4F7556}") = "R5T.T0185", "..\..\R5T.T0185\source\R5T.T0185\R5T.T0185.csproj", "{8F89461A-F3FC-4178-926C-0964D6EEA3EB}"
EndProject
Project("{9A19103F-16F7-4668-BE54-9A1E7A4F7556}") = "R5T.T0186", "..\..\R5T.T0186\source\R5T.T0186\R5T.T0186.csproj", "{38F26DC4-601A-4633-9076-5051DE3677A8}"
EndProject
Project("{9A19103F-16F7-4668-BE54-9A1E7A4F7556}") = "R5T.T0198", "..\..\R5T.T0198\source\R5T.T0198\R5T.T0198.csproj", "{9593D627-26E7-4F39-A06E-F6ECF62A2B09}"
EndProject
Project("{9A19103F-16F7-4668-BE54-9A1E7A4F7556}") = "R5T.T0203", "..\..\R5T.T0203\source\R5T.T0203\R5T.T0203.csproj", "{CE8B4483-079E-4ADC-AC99-DD7DDB45EAC3}"
EndProject
Project("{9A19103F-16F7-4668-BE54-9A1E7A4F7556}") = "R5T.Y0000", "..\..\R5T.Y0000\source\R5T.Y0000\R5T.Y0000.csproj", "{29FC0CA8-1A73-47E9-AC98-7B9AD9BFB4A1}"
EndProject
Project("{9A19103F-16F7-4668-BE54-9A1E7A4F7556}") = "R5T.Y0004", "..\..\R5T.Y0004\source\R5T.Y0004\R5T.Y0004.csproj", "{6B5AA1D6-35C5-49E8-BECA-2A4672CBCEE7}"
EndProject
Project("{9A19103F-16F7-4668-BE54-9A1E7A4F7556}") = "R5T.Z0000", "..\..\R5T.Z0000\source\R5T.Z0000\R5T.Z0000.csproj", "{C0A4FBD9-37A3-40AE-A91A-09243E467B93}"
EndProject
Project("{9A19103F-16F7-4668-BE54-9A1E7A4F7556}") = "R5T.Z0005", "..\..\R5T.Z0005\source\R5T.Z0005\R5T.Z0005.csproj", "{9892EFED-6CEC-41A5-9AEC-C3B16AB641FA}"
EndProject
Project("{9A19103F-16F7-4668-BE54-9A1E7A4F7556}") = "R5T.Z0013", "..\..\R5T.Z0013\source\R5T.Z0013\R5T.Z0013.csproj", "{CC1CC17D-5EEF-4C35-B76B-83487CBD9764}"
EndProject
Project("{9A19103F-16F7-4668-BE54-9A1E7A4F7556}") = "R5T.NG0022", "..\..\R5T.NG0022\source\R5T.NG0022\R5T.NG0022.csproj", "{63DAD899-163B-4D1D-A599-13AE2E90DA24}"
EndProject
Project("{9A19103F-16F7-4668-BE54-9A1E7A4F7556}") = "R5T.T0200", "..\..\R5T.T0200\source\R5T.T0200\R5T.T0200.csproj", "{3E9248A5-5EBC-45D1-86A6-119C79ABD006}"
EndProject
Project("{9A19103F-16F7-4668-BE54-9A1E7A4F7556}") = "R5T.O0023", "..\..\R5T.O0023\source\R5T.O0023\R5T.O0023.csproj", "{828D4BAB-4874-4CBA-A7E0-D18E15894552}"
EndProject
Project("{9A19103F-16F7-4668-BE54-9A1E7A4F7556}") = "R5T.T0209", "..\..\R5T.T0209\source\R5T.T0209\R5T.T0209.csproj", "{6A56046B-C12A-4A3F-B425-349209C43465}"
EndProject
Global
	GlobalSection(NestedProjects) = preSolution
		{8DC3A5BC-9324-4E8A-9346-E29FB25E5B82} = {E0CDCE19-F479-47A0-B5FC-A4ECD0D56A4C}
		{BA48C561-FA3F-4966-B631-55E06D826E54} = {E0CDCE19-F479-47A0-B5FC-A4ECD0D56A4C}
		{A4D1774A-CFEA-4E37-B622-99260AF48E9C} = {E0CDCE19-F479-47A0-B5FC-A4ECD0D56A4C}
		{828BD31A-55D7-4C83-898E-BB7C561B494E} = {E0CDCE19-F479-47A0-B5FC-A4ECD0D56A4C}
		{C0605572-2D79-41B3-A4FB-A3115281B278} = {E0CDCE19-F479-47A0-B5FC-A4ECD0D56A4C}
		{BC797A78-C302-4712-9C99-C4D3CAEAB126} = {E0CDCE19-F479-47A0-B5FC-A4ECD0D56A4C}
		{89C14C1B-1957-4263-A4E2-B6C5E6D163E8} = {E0CDCE19-F479-47A0-B5FC-A4ECD0D56A4C}
		{5B5455AA-D3DB-4353-B91D-9FDBC6A3EB84} = {E0CDCE19-F479-47A0-B5FC-A4ECD0D56A4C}
		{AB7CE36C-8A47-4283-9910-965B0DE4AF6B} = {E0CDCE19-F479-47A0-B5FC-A4ECD0D56A4C}
		{333E8F4A-C5E2-4AB0-9240-016CD5A69ACE} = {E0CDCE19-F479-47A0-B5FC-A4ECD0D56A4C}
		{DE8E174D-0D89-45B8-BFD6-7589CDC22786} = {E0CDCE19-F479-47A0-B5FC-A4ECD0D56A4C}
		{F64FD126-AA68-4293-8D6F-347B816EBE9D} = {E0CDCE19-F479-47A0-B5FC-A4ECD0D56A4C}
		{323F6181-67C6-483C-A4C7-CF0E8380B76E} = {E0CDCE19-F479-47A0-B5FC-A4ECD0D56A4C}
		{B648FD61-5D07-48EB-A5D9-5110C40C2876} = {E0CDCE19-F479-47A0-B5FC-A4ECD0D56A4C}
		{F5FF3B7F-7340-4FA2-A084-251BEDD1AFC2} = {E0CDCE19-F479-47A0-B5FC-A4ECD0D56A4C}
		{4C801875-13F8-4665-9C1B-52B6D24B7ECC} = {E0CDCE19-F479-47A0-B5FC-A4ECD0D56A4C}
		{A36841C7-67F7-4A5F-8D3D-F4F74B0AA1E1} = {E0CDCE19-F479-47A0-B5FC-A4ECD0D56A4C}
		{5D5479F7-06A0-4C7E-89EE-811336758A22} = {E0CDCE19-F479-47A0-B5FC-A4ECD0D56A4C}
		{5B002EE3-0C61-4062-810C-C9B6D204053F} = {E0CDCE19-F479-47A0-B5FC-A4ECD0D56A4C}
		{B1A61D9F-F07E-4810-A678-A67B7D51AD59} = {E0CDCE19-F479-47A0-B5FC-A4ECD0D56A4C}
		{66B7ADCB-A95F-4084-8A44-0B379577FA63} = {E0CDCE19-F479-47A0-B5FC-A4ECD0D56A4C}
		{5C3B3C71-9BB8-427A-B1CA-A71484C206EA} = {E0CDCE19-F479-47A0-B5FC-A4ECD0D56A4C}
		{67938325-E0A3-4B39-A4CF-046B1EFC3742} = {E0CDCE19-F479-47A0-B5FC-A4ECD0D56A4C}
		{E5BE0B21-95F9-4E1F-A70C-78B717215B15} = {E0CDCE19-F479-47A0-B5FC-A4ECD0D56A4C}
		{14BE5AB2-9A30-4907-8EE2-C2B7E1D6DC2E} = {E0CDCE19-F479-47A0-B5FC-A4ECD0D56A4C}
		{AEE628E0-6C0E-49F9-9E8F-96A85F6997A7} = {E0CDCE19-F479-47A0-B5FC-A4ECD0D56A4C}
		{C517D1F5-E065-49B0-BCDE-97007EF32AB2} = {E0CDCE19-F479-47A0-B5FC-A4ECD0D56A4C}
		{28CB6DD3-49AF-455B-A8C9-426A90030FBD} = {E0CDCE19-F479-47A0-B5FC-A4ECD0D56A4C}
		{25CA0892-DA52-475C-A019-9A8A00E38383} = {E0CDCE19-F479-47A0-B5FC-A4ECD0D56A4C}
		{D4129D3D-6E0A-48D1-A529-B196F85BBC7F} = {E0CDCE19-F479-47A0-B5FC-A4ECD0D56A4C}
		{6D1CE8C1-A8BB-47DA-883A-A7968B0BE243} = {E0CDCE19-F479-47A0-B5FC-A4ECD0D56A4C}
		{0096736A-F1BB-4B58-B748-CEF3EF88E262} = {E0CDCE19-F479-47A0-B5FC-A4ECD0D56A4C}
		{4F9637C7-32A7-47B4-8397-FA95BC3C3984} = {E0CDCE19-F479-47A0-B5FC-A4ECD0D56A4C}
		{CEA54EF5-6063-41C9-8ACF-E7EF2F6DD887} = {E0CDCE19-F479-47A0-B5FC-A4ECD0D56A4C}
		{70F8CA69-C94F-4CF7-8C6B-D2EAF0AB646A} = {E0CDCE19-F479-47A0-B5FC-A4ECD0D56A4C}
		{B29C7B7F-F875-45D9-AFAA-4CE59FE62578} = {E0CDCE19-F479-47A0-B5FC-A4ECD0D56A4C}
		{E037AC82-8685-4ED5-AF84-A97601A50989} = {E0CDCE19-F479-47A0-B5FC-A4ECD0D56A4C}
		{17A167DB-E217-4D0F-A77E-903924D7F6CC} = {E0CDCE19-F479-47A0-B5FC-A4ECD0D56A4C}
		{A43E49EA-1126-4C0D-B455-62CE6F89F783} = {E0CDCE19-F479-47A0-B5FC-A4ECD0D56A4C}
		{BC5B44DF-341A-4929-9B43-F1A1D5C1F117} = {E0CDCE19-F479-47A0-B5FC-A4ECD0D56A4C}
		{775A31D8-3B27-420D-8801-3D0A312C6BBF} = {E0CDCE19-F479-47A0-B5FC-A4ECD0D56A4C}
		{63A3A5BE-CA5F-4452-A818-5C45184903F9} = {E0CDCE19-F479-47A0-B5FC-A4ECD0D56A4C}
		{C87B1C99-9676-4451-91E7-2A2EFEAB07BC} = {E0CDCE19-F479-47A0-B5FC-A4ECD0D56A4C}
		{9BBC0E71-2974-4976-943C-A8B3EFC101D9} = {E0CDCE19-F479-47A0-B5FC-A4ECD0D56A4C}
		{8F89461A-F3FC-4178-926C-0964D6EEA3EB} = {E0CDCE19-F479-47A0-B5FC-A4ECD0D56A4C}
		{38F26DC4-601A-4633-9076-5051DE3677A8} = {E0CDCE19-F479-47A0-B5FC-A4ECD0D56A4C}
		{9593D627-26E7-4F39-A06E-F6ECF62A2B09} = {E0CDCE19-F479-47A0-B5FC-A4ECD0D56A4C}
		{CE8B4483-079E-4ADC-AC99-DD7DDB45EAC3} = {E0CDCE19-F479-47A0-B5FC-A4ECD0D56A4C}
		{29FC0CA8-1A73-47E9-AC98-7B9AD9BFB4A1} = {E0CDCE19-F479-47A0-B5FC-A4ECD0D56A4C}
		{6B5AA1D6-35C5-49E8-BECA-2A4672CBCEE7} = {E0CDCE19-F479-47A0-B5FC-A4ECD0D56A4C}
		{C0A4FBD9-37A3-40AE-A91A-09243E467B93} = {E0CDCE19-F479-47A0-B5FC-A4ECD0D56A4C}
		{9892EFED-6CEC-41A5-9AEC-C3B16AB641FA} = {E0CDCE19-F479-47A0-B5FC-A4ECD0D56A4C}
		{CC1CC17D-5EEF-4C35-B76B-83487CBD9764} = {E0CDCE19-F479-47A0-B5FC-A4ECD0D56A4C}
		{63DAD899-163B-4D1D-A599-13AE2E90DA24} = {E0CDCE19-F479-47A0-B5FC-A4ECD0D56A4C}
		{3E9248A5-5EBC-45D1-86A6-119C79ABD006} = {E0CDCE19-F479-47A0-B5FC-A4ECD0D56A4C}
		{828D4BAB-4874-4CBA-A7E0-D18E15894552} = {E0CDCE19-F479-47A0-B5FC-A4ECD0D56A4C}
		{6A56046B-C12A-4A3F-B425-349209C43465} = {E0CDCE19-F479-47A0-B5FC-A4ECD0D56A4C}
	EndGlobalSection
	GlobalSection(SolutionConfigurationPlatforms) = preSolution
		Debug|Any CPU = Debug|Any CPU
		Release|Any CPU = Release|Any CPU
	EndGlobalSection
	GlobalSection(ProjectConfigurationPlatforms) = postSolution
		{B4489CEE-47D8-4943-AA42-AE81B8213C85}.Debug|Any CPU.ActiveCfg = Debug|Any CPU
		{B4489CEE-47D8-4943-AA42-AE81B8213C85}.Debug|Any CPU.Build.0 = Debug|Any CPU
		{B4489CEE-47D8-4943-AA42-AE81B8213C85}.Release|Any CPU.ActiveCfg = Release|Any CPU
		{B4489CEE-47D8-4943-AA42-AE81B8213C85}.Release|Any CPU.Build.0 = Release|Any CPU
		{8DC3A5BC-9324-4E8A-9346-E29FB25E5B82}.Debug|Any CPU.ActiveCfg = Debug|Any CPU
		{8DC3A5BC-9324-4E8A-9346-E29FB25E5B82}.Debug|Any CPU.Build.0 = Debug|Any CPU
		{8DC3A5BC-9324-4E8A-9346-E29FB25E5B82}.Release|Any CPU.ActiveCfg = Release|Any CPU
		{8DC3A5BC-9324-4E8A-9346-E29FB25E5B82}.Release|Any CPU.Build.0 = Release|Any CPU
		{BA48C561-FA3F-4966-B631-55E06D826E54}.Debug|Any CPU.ActiveCfg = Debug|Any CPU
		{BA48C561-FA3F-4966-B631-55E06D826E54}.Debug|Any CPU.Build.0 = Debug|Any CPU
		{BA48C561-FA3F-4966-B631-55E06D826E54}.Release|Any CPU.ActiveCfg = Release|Any CPU
		{BA48C561-FA3F-4966-B631-55E06D826E54}.Release|Any CPU.Build.0 = Release|Any CPU
		{A4D1774A-CFEA-4E37-B622-99260AF48E9C}.Debug|Any CPU.ActiveCfg = Debug|Any CPU
		{A4D1774A-CFEA-4E37-B622-99260AF48E9C}.Debug|Any CPU.Build.0 = Debug|Any CPU
		{A4D1774A-CFEA-4E37-B622-99260AF48E9C}.Release|Any CPU.ActiveCfg = Release|Any CPU
		{A4D1774A-CFEA-4E37-B622-99260AF48E9C}.Release|Any CPU.Build.0 = Release|Any CPU
		{828BD31A-55D7-4C83-898E-BB7C561B494E}.Debug|Any CPU.ActiveCfg = Debug|Any CPU
		{828BD31A-55D7-4C83-898E-BB7C561B494E}.Debug|Any CPU.Build.0 = Debug|Any CPU
		{828BD31A-55D7-4C83-898E-BB7C561B494E}.Release|Any CPU.ActiveCfg = Release|Any CPU
		{828BD31A-55D7-4C83-898E-BB7C561B494E}.Release|Any CPU.Build.0 = Release|Any CPU
		{C0605572-2D79-41B3-A4FB-A3115281B278}.Debug|Any CPU.ActiveCfg = Debug|Any CPU
		{C0605572-2D79-41B3-A4FB-A3115281B278}.Debug|Any CPU.Build.0 = Debug|Any CPU
		{C0605572-2D79-41B3-A4FB-A3115281B278}.Release|Any CPU.ActiveCfg = Release|Any CPU
		{C0605572-2D79-41B3-A4FB-A3115281B278}.Release|Any CPU.Build.0 = Release|Any CPU
		{BC797A78-C302-4712-9C99-C4D3CAEAB126}.Debug|Any CPU.ActiveCfg = Debug|Any CPU
		{BC797A78-C302-4712-9C99-C4D3CAEAB126}.Debug|Any CPU.Build.0 = Debug|Any CPU
		{BC797A78-C302-4712-9C99-C4D3CAEAB126}.Release|Any CPU.ActiveCfg = Release|Any CPU
		{BC797A78-C302-4712-9C99-C4D3CAEAB126}.Release|Any CPU.Build.0 = Release|Any CPU
		{89C14C1B-1957-4263-A4E2-B6C5E6D163E8}.Debug|Any CPU.ActiveCfg = Debug|Any CPU
		{89C14C1B-1957-4263-A4E2-B6C5E6D163E8}.Debug|Any CPU.Build.0 = Debug|Any CPU
		{89C14C1B-1957-4263-A4E2-B6C5E6D163E8}.Release|Any CPU.ActiveCfg = Release|Any CPU
		{89C14C1B-1957-4263-A4E2-B6C5E6D163E8}.Release|Any CPU.Build.0 = Release|Any CPU
		{5B5455AA-D3DB-4353-B91D-9FDBC6A3EB84}.Debug|Any CPU.ActiveCfg = Debug|Any CPU
		{5B5455AA-D3DB-4353-B91D-9FDBC6A3EB84}.Debug|Any CPU.Build.0 = Debug|Any CPU
		{5B5455AA-D3DB-4353-B91D-9FDBC6A3EB84}.Release|Any CPU.ActiveCfg = Release|Any CPU
		{5B5455AA-D3DB-4353-B91D-9FDBC6A3EB84}.Release|Any CPU.Build.0 = Release|Any CPU
		{AB7CE36C-8A47-4283-9910-965B0DE4AF6B}.Debug|Any CPU.ActiveCfg = Debug|Any CPU
		{AB7CE36C-8A47-4283-9910-965B0DE4AF6B}.Debug|Any CPU.Build.0 = Debug|Any CPU
		{AB7CE36C-8A47-4283-9910-965B0DE4AF6B}.Release|Any CPU.ActiveCfg = Release|Any CPU
		{AB7CE36C-8A47-4283-9910-965B0DE4AF6B}.Release|Any CPU.Build.0 = Release|Any CPU
		{333E8F4A-C5E2-4AB0-9240-016CD5A69ACE}.Debug|Any CPU.ActiveCfg = Debug|Any CPU
		{333E8F4A-C5E2-4AB0-9240-016CD5A69ACE}.Debug|Any CPU.Build.0 = Debug|Any CPU
		{333E8F4A-C5E2-4AB0-9240-016CD5A69ACE}.Release|Any CPU.ActiveCfg = Release|Any CPU
		{333E8F4A-C5E2-4AB0-9240-016CD5A69ACE}.Release|Any CPU.Build.0 = Release|Any CPU
		{DE8E174D-0D89-45B8-BFD6-7589CDC22786}.Debug|Any CPU.ActiveCfg = Debug|Any CPU
		{DE8E174D-0D89-45B8-BFD6-7589CDC22786}.Debug|Any CPU.Build.0 = Debug|Any CPU
		{DE8E174D-0D89-45B8-BFD6-7589CDC22786}.Release|Any CPU.ActiveCfg = Release|Any CPU
		{DE8E174D-0D89-45B8-BFD6-7589CDC22786}.Release|Any CPU.Build.0 = Release|Any CPU
		{F64FD126-AA68-4293-8D6F-347B816EBE9D}.Debug|Any CPU.ActiveCfg = Debug|Any CPU
		{F64FD126-AA68-4293-8D6F-347B816EBE9D}.Debug|Any CPU.Build.0 = Debug|Any CPU
		{F64FD126-AA68-4293-8D6F-347B816EBE9D}.Release|Any CPU.ActiveCfg = Release|Any CPU
		{F64FD126-AA68-4293-8D6F-347B816EBE9D}.Release|Any CPU.Build.0 = Release|Any CPU
		{323F6181-67C6-483C-A4C7-CF0E8380B76E}.Debug|Any CPU.ActiveCfg = Debug|Any CPU
		{323F6181-67C6-483C-A4C7-CF0E8380B76E}.Debug|Any CPU.Build.0 = Debug|Any CPU
		{323F6181-67C6-483C-A4C7-CF0E8380B76E}.Release|Any CPU.ActiveCfg = Release|Any CPU
		{323F6181-67C6-483C-A4C7-CF0E8380B76E}.Release|Any CPU.Build.0 = Release|Any CPU
		{B648FD61-5D07-48EB-A5D9-5110C40C2876}.Debug|Any CPU.ActiveCfg = Debug|Any CPU
		{B648FD61-5D07-48EB-A5D9-5110C40C2876}.Debug|Any CPU.Build.0 = Debug|Any CPU
		{B648FD61-5D07-48EB-A5D9-5110C40C2876}.Release|Any CPU.ActiveCfg = Release|Any CPU
		{B648FD61-5D07-48EB-A5D9-5110C40C2876}.Release|Any CPU.Build.0 = Release|Any CPU
		{F5FF3B7F-7340-4FA2-A084-251BEDD1AFC2}.Debug|Any CPU.ActiveCfg = Debug|Any CPU
		{F5FF3B7F-7340-4FA2-A084-251BEDD1AFC2}.Debug|Any CPU.Build.0 = Debug|Any CPU
		{F5FF3B7F-7340-4FA2-A084-251BEDD1AFC2}.Release|Any CPU.ActiveCfg = Release|Any CPU
		{F5FF3B7F-7340-4FA2-A084-251BEDD1AFC2}.Release|Any CPU.Build.0 = Release|Any CPU
		{4C801875-13F8-4665-9C1B-52B6D24B7ECC}.Debug|Any CPU.ActiveCfg = Debug|Any CPU
		{4C801875-13F8-4665-9C1B-52B6D24B7ECC}.Debug|Any CPU.Build.0 = Debug|Any CPU
		{4C801875-13F8-4665-9C1B-52B6D24B7ECC}.Release|Any CPU.ActiveCfg = Release|Any CPU
		{4C801875-13F8-4665-9C1B-52B6D24B7ECC}.Release|Any CPU.Build.0 = Release|Any CPU
		{A36841C7-67F7-4A5F-8D3D-F4F74B0AA1E1}.Debug|Any CPU.ActiveCfg = Debug|Any CPU
		{A36841C7-67F7-4A5F-8D3D-F4F74B0AA1E1}.Debug|Any CPU.Build.0 = Debug|Any CPU
		{A36841C7-67F7-4A5F-8D3D-F4F74B0AA1E1}.Release|Any CPU.ActiveCfg = Release|Any CPU
		{A36841C7-67F7-4A5F-8D3D-F4F74B0AA1E1}.Release|Any CPU.Build.0 = Release|Any CPU
		{5D5479F7-06A0-4C7E-89EE-811336758A22}.Debug|Any CPU.ActiveCfg = Debug|Any CPU
		{5D5479F7-06A0-4C7E-89EE-811336758A22}.Debug|Any CPU.Build.0 = Debug|Any CPU
		{5D5479F7-06A0-4C7E-89EE-811336758A22}.Release|Any CPU.ActiveCfg = Release|Any CPU
		{5D5479F7-06A0-4C7E-89EE-811336758A22}.Release|Any CPU.Build.0 = Release|Any CPU
		{5B002EE3-0C61-4062-810C-C9B6D204053F}.Debug|Any CPU.ActiveCfg = Debug|Any CPU
		{5B002EE3-0C61-4062-810C-C9B6D204053F}.Debug|Any CPU.Build.0 = Debug|Any CPU
		{5B002EE3-0C61-4062-810C-C9B6D204053F}.Release|Any CPU.ActiveCfg = Release|Any CPU
		{5B002EE3-0C61-4062-810C-C9B6D204053F}.Release|Any CPU.Build.0 = Release|Any CPU
		{B1A61D9F-F07E-4810-A678-A67B7D51AD59}.Debug|Any CPU.ActiveCfg = Debug|Any CPU
		{B1A61D9F-F07E-4810-A678-A67B7D51AD59}.Debug|Any CPU.Build.0 = Debug|Any CPU
		{B1A61D9F-F07E-4810-A678-A67B7D51AD59}.Release|Any CPU.ActiveCfg = Release|Any CPU
		{B1A61D9F-F07E-4810-A678-A67B7D51AD59}.Release|Any CPU.Build.0 = Release|Any CPU
		{66B7ADCB-A95F-4084-8A44-0B379577FA63}.Debug|Any CPU.ActiveCfg = Debug|Any CPU
		{66B7ADCB-A95F-4084-8A44-0B379577FA63}.Debug|Any CPU.Build.0 = Debug|Any CPU
		{66B7ADCB-A95F-4084-8A44-0B379577FA63}.Release|Any CPU.ActiveCfg = Release|Any CPU
		{66B7ADCB-A95F-4084-8A44-0B379577FA63}.Release|Any CPU.Build.0 = Release|Any CPU
		{5C3B3C71-9BB8-427A-B1CA-A71484C206EA}.Debug|Any CPU.ActiveCfg = Debug|Any CPU
		{5C3B3C71-9BB8-427A-B1CA-A71484C206EA}.Debug|Any CPU.Build.0 = Debug|Any CPU
		{5C3B3C71-9BB8-427A-B1CA-A71484C206EA}.Release|Any CPU.ActiveCfg = Release|Any CPU
		{5C3B3C71-9BB8-427A-B1CA-A71484C206EA}.Release|Any CPU.Build.0 = Release|Any CPU
		{67938325-E0A3-4B39-A4CF-046B1EFC3742}.Debug|Any CPU.ActiveCfg = Debug|Any CPU
		{67938325-E0A3-4B39-A4CF-046B1EFC3742}.Debug|Any CPU.Build.0 = Debug|Any CPU
		{67938325-E0A3-4B39-A4CF-046B1EFC3742}.Release|Any CPU.ActiveCfg = Release|Any CPU
		{67938325-E0A3-4B39-A4CF-046B1EFC3742}.Release|Any CPU.Build.0 = Release|Any CPU
		{E5BE0B21-95F9-4E1F-A70C-78B717215B15}.Debug|Any CPU.ActiveCfg = Debug|Any CPU
		{E5BE0B21-95F9-4E1F-A70C-78B717215B15}.Debug|Any CPU.Build.0 = Debug|Any CPU
		{E5BE0B21-95F9-4E1F-A70C-78B717215B15}.Release|Any CPU.ActiveCfg = Release|Any CPU
		{E5BE0B21-95F9-4E1F-A70C-78B717215B15}.Release|Any CPU.Build.0 = Release|Any CPU
		{14BE5AB2-9A30-4907-8EE2-C2B7E1D6DC2E}.Debug|Any CPU.ActiveCfg = Debug|Any CPU
		{14BE5AB2-9A30-4907-8EE2-C2B7E1D6DC2E}.Debug|Any CPU.Build.0 = Debug|Any CPU
		{14BE5AB2-9A30-4907-8EE2-C2B7E1D6DC2E}.Release|Any CPU.ActiveCfg = Release|Any CPU
		{14BE5AB2-9A30-4907-8EE2-C2B7E1D6DC2E}.Release|Any CPU.Build.0 = Release|Any CPU
		{AEE628E0-6C0E-49F9-9E8F-96A85F6997A7}.Debug|Any CPU.ActiveCfg = Debug|Any CPU
		{AEE628E0-6C0E-49F9-9E8F-96A85F6997A7}.Debug|Any CPU.Build.0 = Debug|Any CPU
		{AEE628E0-6C0E-49F9-9E8F-96A85F6997A7}.Release|Any CPU.ActiveCfg = Release|Any CPU
		{AEE628E0-6C0E-49F9-9E8F-96A85F6997A7}.Release|Any CPU.Build.0 = Release|Any CPU
		{C517D1F5-E065-49B0-BCDE-97007EF32AB2}.Debug|Any CPU.ActiveCfg = Debug|Any CPU
		{C517D1F5-E065-49B0-BCDE-97007EF32AB2}.Debug|Any CPU.Build.0 = Debug|Any CPU
		{C517D1F5-E065-49B0-BCDE-97007EF32AB2}.Release|Any CPU.ActiveCfg = Release|Any CPU
		{C517D1F5-E065-49B0-BCDE-97007EF32AB2}.Release|Any CPU.Build.0 = Release|Any CPU
		{28CB6DD3-49AF-455B-A8C9-426A90030FBD}.Debug|Any CPU.ActiveCfg = Debug|Any CPU
		{28CB6DD3-49AF-455B-A8C9-426A90030FBD}.Debug|Any CPU.Build.0 = Debug|Any CPU
		{28CB6DD3-49AF-455B-A8C9-426A90030FBD}.Release|Any CPU.ActiveCfg = Release|Any CPU
		{28CB6DD3-49AF-455B-A8C9-426A90030FBD}.Release|Any CPU.Build.0 = Release|Any CPU
		{25CA0892-DA52-475C-A019-9A8A00E38383}.Debug|Any CPU.ActiveCfg = Debug|Any CPU
		{25CA0892-DA52-475C-A019-9A8A00E38383}.Debug|Any CPU.Build.0 = Debug|Any CPU
		{25CA0892-DA52-475C-A019-9A8A00E38383}.Release|Any CPU.ActiveCfg = Release|Any CPU
		{25CA0892-DA52-475C-A019-9A8A00E38383}.Release|Any CPU.Build.0 = Release|Any CPU
		{D4129D3D-6E0A-48D1-A529-B196F85BBC7F}.Debug|Any CPU.ActiveCfg = Debug|Any CPU
		{D4129D3D-6E0A-48D1-A529-B196F85BBC7F}.Debug|Any CPU.Build.0 = Debug|Any CPU
		{D4129D3D-6E0A-48D1-A529-B196F85BBC7F}.Release|Any CPU.ActiveCfg = Release|Any CPU
		{D4129D3D-6E0A-48D1-A529-B196F85BBC7F}.Release|Any CPU.Build.0 = Release|Any CPU
		{6D1CE8C1-A8BB-47DA-883A-A7968B0BE243}.Debug|Any CPU.ActiveCfg = Debug|Any CPU
		{6D1CE8C1-A8BB-47DA-883A-A7968B0BE243}.Debug|Any CPU.Build.0 = Debug|Any CPU
		{6D1CE8C1-A8BB-47DA-883A-A7968B0BE243}.Release|Any CPU.ActiveCfg = Release|Any CPU
		{6D1CE8C1-A8BB-47DA-883A-A7968B0BE243}.Release|Any CPU.Build.0 = Release|Any CPU
		{0096736A-F1BB-4B58-B748-CEF3EF88E262}.Debug|Any CPU.ActiveCfg = Debug|Any CPU
		{0096736A-F1BB-4B58-B748-CEF3EF88E262}.Debug|Any CPU.Build.0 = Debug|Any CPU
		{0096736A-F1BB-4B58-B748-CEF3EF88E262}.Release|Any CPU.ActiveCfg = Release|Any CPU
		{0096736A-F1BB-4B58-B748-CEF3EF88E262}.Release|Any CPU.Build.0 = Release|Any CPU
		{4F9637C7-32A7-47B4-8397-FA95BC3C3984}.Debug|Any CPU.ActiveCfg = Debug|Any CPU
		{4F9637C7-32A7-47B4-8397-FA95BC3C3984}.Debug|Any CPU.Build.0 = Debug|Any CPU
		{4F9637C7-32A7-47B4-8397-FA95BC3C3984}.Release|Any CPU.ActiveCfg = Release|Any CPU
		{4F9637C7-32A7-47B4-8397-FA95BC3C3984}.Release|Any CPU.Build.0 = Release|Any CPU
		{CEA54EF5-6063-41C9-8ACF-E7EF2F6DD887}.Debug|Any CPU.ActiveCfg = Debug|Any CPU
		{CEA54EF5-6063-41C9-8ACF-E7EF2F6DD887}.Debug|Any CPU.Build.0 = Debug|Any CPU
		{CEA54EF5-6063-41C9-8ACF-E7EF2F6DD887}.Release|Any CPU.ActiveCfg = Release|Any CPU
		{CEA54EF5-6063-41C9-8ACF-E7EF2F6DD887}.Release|Any CPU.Build.0 = Release|Any CPU
		{70F8CA69-C94F-4CF7-8C6B-D2EAF0AB646A}.Debug|Any CPU.ActiveCfg = Debug|Any CPU
		{70F8CA69-C94F-4CF7-8C6B-D2EAF0AB646A}.Debug|Any CPU.Build.0 = Debug|Any CPU
		{70F8CA69-C94F-4CF7-8C6B-D2EAF0AB646A}.Release|Any CPU.ActiveCfg = Release|Any CPU
		{70F8CA69-C94F-4CF7-8C6B-D2EAF0AB646A}.Release|Any CPU.Build.0 = Release|Any CPU
		{B29C7B7F-F875-45D9-AFAA-4CE59FE62578}.Debug|Any CPU.ActiveCfg = Debug|Any CPU
		{B29C7B7F-F875-45D9-AFAA-4CE59FE62578}.Debug|Any CPU.Build.0 = Debug|Any CPU
		{B29C7B7F-F875-45D9-AFAA-4CE59FE62578}.Release|Any CPU.ActiveCfg = Release|Any CPU
		{B29C7B7F-F875-45D9-AFAA-4CE59FE62578}.Release|Any CPU.Build.0 = Release|Any CPU
		{E037AC82-8685-4ED5-AF84-A97601A50989}.Debug|Any CPU.ActiveCfg = Debug|Any CPU
		{E037AC82-8685-4ED5-AF84-A97601A50989}.Debug|Any CPU.Build.0 = Debug|Any CPU
		{E037AC82-8685-4ED5-AF84-A97601A50989}.Release|Any CPU.ActiveCfg = Release|Any CPU
		{E037AC82-8685-4ED5-AF84-A97601A50989}.Release|Any CPU.Build.0 = Release|Any CPU
		{17A167DB-E217-4D0F-A77E-903924D7F6CC}.Debug|Any CPU.ActiveCfg = Debug|Any CPU
		{17A167DB-E217-4D0F-A77E-903924D7F6CC}.Debug|Any CPU.Build.0 = Debug|Any CPU
		{17A167DB-E217-4D0F-A77E-903924D7F6CC}.Release|Any CPU.ActiveCfg = Release|Any CPU
		{17A167DB-E217-4D0F-A77E-903924D7F6CC}.Release|Any CPU.Build.0 = Release|Any CPU
		{A43E49EA-1126-4C0D-B455-62CE6F89F783}.Debug|Any CPU.ActiveCfg = Debug|Any CPU
		{A43E49EA-1126-4C0D-B455-62CE6F89F783}.Debug|Any CPU.Build.0 = Debug|Any CPU
		{A43E49EA-1126-4C0D-B455-62CE6F89F783}.Release|Any CPU.ActiveCfg = Release|Any CPU
		{A43E49EA-1126-4C0D-B455-62CE6F89F783}.Release|Any CPU.Build.0 = Release|Any CPU
		{BC5B44DF-341A-4929-9B43-F1A1D5C1F117}.Debug|Any CPU.ActiveCfg = Debug|Any CPU
		{BC5B44DF-341A-4929-9B43-F1A1D5C1F117}.Debug|Any CPU.Build.0 = Debug|Any CPU
		{BC5B44DF-341A-4929-9B43-F1A1D5C1F117}.Release|Any CPU.ActiveCfg = Release|Any CPU
		{BC5B44DF-341A-4929-9B43-F1A1D5C1F117}.Release|Any CPU.Build.0 = Release|Any CPU
		{775A31D8-3B27-420D-8801-3D0A312C6BBF}.Debug|Any CPU.ActiveCfg = Debug|Any CPU
		{775A31D8-3B27-420D-8801-3D0A312C6BBF}.Debug|Any CPU.Build.0 = Debug|Any CPU
		{775A31D8-3B27-420D-8801-3D0A312C6BBF}.Release|Any CPU.ActiveCfg = Release|Any CPU
		{775A31D8-3B27-420D-8801-3D0A312C6BBF}.Release|Any CPU.Build.0 = Release|Any CPU
		{63A3A5BE-CA5F-4452-A818-5C45184903F9}.Debug|Any CPU.ActiveCfg = Debug|Any CPU
		{63A3A5BE-CA5F-4452-A818-5C45184903F9}.Debug|Any CPU.Build.0 = Debug|Any CPU
		{63A3A5BE-CA5F-4452-A818-5C45184903F9}.Release|Any CPU.ActiveCfg = Release|Any CPU
		{63A3A5BE-CA5F-4452-A818-5C45184903F9}.Release|Any CPU.Build.0 = Release|Any CPU
		{C87B1C99-9676-4451-91E7-2A2EFEAB07BC}.Debug|Any CPU.ActiveCfg = Debug|Any CPU
		{C87B1C99-9676-4451-91E7-2A2EFEAB07BC}.Debug|Any CPU.Build.0 = Debug|Any CPU
		{C87B1C99-9676-4451-91E7-2A2EFEAB07BC}.Release|Any CPU.ActiveCfg = Release|Any CPU
		{C87B1C99-9676-4451-91E7-2A2EFEAB07BC}.Release|Any CPU.Build.0 = Release|Any CPU
		{9BBC0E71-2974-4976-943C-A8B3EFC101D9}.Debug|Any CPU.ActiveCfg = Debug|Any CPU
		{9BBC0E71-2974-4976-943C-A8B3EFC101D9}.Debug|Any CPU.Build.0 = Debug|Any CPU
		{9BBC0E71-2974-4976-943C-A8B3EFC101D9}.Release|Any CPU.ActiveCfg = Release|Any CPU
		{9BBC0E71-2974-4976-943C-A8B3EFC101D9}.Release|Any CPU.Build.0 = Release|Any CPU
		{8F89461A-F3FC-4178-926C-0964D6EEA3EB}.Debug|Any CPU.ActiveCfg = Debug|Any CPU
		{8F89461A-F3FC-4178-926C-0964D6EEA3EB}.Debug|Any CPU.Build.0 = Debug|Any CPU
		{8F89461A-F3FC-4178-926C-0964D6EEA3EB}.Release|Any CPU.ActiveCfg = Release|Any CPU
		{8F89461A-F3FC-4178-926C-0964D6EEA3EB}.Release|Any CPU.Build.0 = Release|Any CPU
		{38F26DC4-601A-4633-9076-5051DE3677A8}.Debug|Any CPU.ActiveCfg = Debug|Any CPU
		{38F26DC4-601A-4633-9076-5051DE3677A8}.Debug|Any CPU.Build.0 = Debug|Any CPU
		{38F26DC4-601A-4633-9076-5051DE3677A8}.Release|Any CPU.ActiveCfg = Release|Any CPU
		{38F26DC4-601A-4633-9076-5051DE3677A8}.Release|Any CPU.Build.0 = Release|Any CPU
		{9593D627-26E7-4F39-A06E-F6ECF62A2B09}.Debug|Any CPU.ActiveCfg = Debug|Any CPU
		{9593D627-26E7-4F39-A06E-F6ECF62A2B09}.Debug|Any CPU.Build.0 = Debug|Any CPU
		{9593D627-26E7-4F39-A06E-F6ECF62A2B09}.Release|Any CPU.ActiveCfg = Release|Any CPU
		{9593D627-26E7-4F39-A06E-F6ECF62A2B09}.Release|Any CPU.Build.0 = Release|Any CPU
		{CE8B4483-079E-4ADC-AC99-DD7DDB45EAC3}.Debug|Any CPU.ActiveCfg = Debug|Any CPU
		{CE8B4483-079E-4ADC-AC99-DD7DDB45EAC3}.Debug|Any CPU.Build.0 = Debug|Any CPU
		{CE8B4483-079E-4ADC-AC99-DD7DDB45EAC3}.Release|Any CPU.ActiveCfg = Release|Any CPU
		{CE8B4483-079E-4ADC-AC99-DD7DDB45EAC3}.Release|Any CPU.Build.0 = Release|Any CPU
		{29FC0CA8-1A73-47E9-AC98-7B9AD9BFB4A1}.Debug|Any CPU.ActiveCfg = Debug|Any CPU
		{29FC0CA8-1A73-47E9-AC98-7B9AD9BFB4A1}.Debug|Any CPU.Build.0 = Debug|Any CPU
		{29FC0CA8-1A73-47E9-AC98-7B9AD9BFB4A1}.Release|Any CPU.ActiveCfg = Release|Any CPU
		{29FC0CA8-1A73-47E9-AC98-7B9AD9BFB4A1}.Release|Any CPU.Build.0 = Release|Any CPU
		{6B5AA1D6-35C5-49E8-BECA-2A4672CBCEE7}.Debug|Any CPU.ActiveCfg = Debug|Any CPU
		{6B5AA1D6-35C5-49E8-BECA-2A4672CBCEE7}.Debug|Any CPU.Build.0 = Debug|Any CPU
		{6B5AA1D6-35C5-49E8-BECA-2A4672CBCEE7}.Release|Any CPU.ActiveCfg = Release|Any CPU
		{6B5AA1D6-35C5-49E8-BECA-2A4672CBCEE7}.Release|Any CPU.Build.0 = Release|Any CPU
		{C0A4FBD9-37A3-40AE-A91A-09243E467B93}.Debug|Any CPU.ActiveCfg = Debug|Any CPU
		{C0A4FBD9-37A3-40AE-A91A-09243E467B93}.Debug|Any CPU.Build.0 = Debug|Any CPU
		{C0A4FBD9-37A3-40AE-A91A-09243E467B93}.Release|Any CPU.ActiveCfg = Release|Any CPU
		{C0A4FBD9-37A3-40AE-A91A-09243E467B93}.Release|Any CPU.Build.0 = Release|Any CPU
		{9892EFED-6CEC-41A5-9AEC-C3B16AB641FA}.Debug|Any CPU.ActiveCfg = Debug|Any CPU
		{9892EFED-6CEC-41A5-9AEC-C3B16AB641FA}.Debug|Any CPU.Build.0 = Debug|Any CPU
		{9892EFED-6CEC-41A5-9AEC-C3B16AB641FA}.Release|Any CPU.ActiveCfg = Release|Any CPU
		{9892EFED-6CEC-41A5-9AEC-C3B16AB641FA}.Release|Any CPU.Build.0 = Release|Any CPU
		{CC1CC17D-5EEF-4C35-B76B-83487CBD9764}.Debug|Any CPU.ActiveCfg = Debug|Any CPU
		{CC1CC17D-5EEF-4C35-B76B-83487CBD9764}.Debug|Any CPU.Build.0 = Debug|Any CPU
		{CC1CC17D-5EEF-4C35-B76B-83487CBD9764}.Release|Any CPU.ActiveCfg = Release|Any CPU
		{CC1CC17D-5EEF-4C35-B76B-83487CBD9764}.Release|Any CPU.Build.0 = Release|Any CPU
		{63DAD899-163B-4D1D-A599-13AE2E90DA24}.Debug|Any CPU.ActiveCfg = Debug|Any CPU
		{63DAD899-163B-4D1D-A599-13AE2E90DA24}.Debug|Any CPU.Build.0 = Debug|Any CPU
		{63DAD899-163B-4D1D-A599-13AE2E90DA24}.Release|Any CPU.ActiveCfg = Release|Any CPU
		{63DAD899-163B-4D1D-A599-13AE2E90DA24}.Release|Any CPU.Build.0 = Release|Any CPU
		{3E9248A5-5EBC-45D1-86A6-119C79ABD006}.Debug|Any CPU.ActiveCfg = Debug|Any CPU
		{3E9248A5-5EBC-45D1-86A6-119C79ABD006}.Debug|Any CPU.Build.0 = Debug|Any CPU
		{3E9248A5-5EBC-45D1-86A6-119C79ABD006}.Release|Any CPU.ActiveCfg = Release|Any CPU
		{3E9248A5-5EBC-45D1-86A6-119C79ABD006}.Release|Any CPU.Build.0 = Release|Any CPU
		{828D4BAB-4874-4CBA-A7E0-D18E15894552}.Debug|Any CPU.ActiveCfg = Debug|Any CPU
		{828D4BAB-4874-4CBA-A7E0-D18E15894552}.Debug|Any CPU.Build.0 = Debug|Any CPU
		{828D4BAB-4874-4CBA-A7E0-D18E15894552}.Release|Any CPU.ActiveCfg = Release|Any CPU
		{828D4BAB-4874-4CBA-A7E0-D18E15894552}.Release|Any CPU.Build.0 = Release|Any CPU
		{6A56046B-C12A-4A3F-B425-349209C43465}.Debug|Any CPU.ActiveCfg = Debug|Any CPU
		{6A56046B-C12A-4A3F-B425-349209C43465}.Debug|Any CPU.Build.0 = Debug|Any CPU
		{6A56046B-C12A-4A3F-B425-349209C43465}.Release|Any CPU.ActiveCfg = Release|Any CPU
		{6A56046B-C12A-4A3F-B425-349209C43465}.Release|Any CPU.Build.0 = Release|Any CPU
	EndGlobalSection
	GlobalSection(SolutionProperties) = preSolution
		HideSolutionNode = FALSE
	EndGlobalSection
	GlobalSection(ExtensibilityGlobals) = postSolution
		SolutionGuid = {D1ACCC31-4ADF-486C-AC1D-7D14930CD13F}
	EndGlobalSection
EndGlobal
