
Microsoft Visual Studio Solution File, Format Version 12.00
# Visual Studio Version 17
VisualStudioVersion = 17.2.32630.192
MinimumVisualStudioVersion = 10.0.40219.1
Project("{9A19103F-16F7-4668-BE54-9A1E7A4F7556}") = "R5T.O0017.Construction", "R5T.O0017.Construction\R5T.O0017.Construction.csproj", "{30D2B6AE-5EDC-4488-85E9-46DA85C82304}"
EndProject
Project("{9A19103F-16F7-4668-BE54-9A1E7A4F7556}") = "R5T.O0017", "R5T.O0017\R5T.O0017.csproj", "{AFE0B66F-8C6C-414C-AB06-20A32C7E1C1E}"
EndProject
Global
	GlobalSection(SolutionConfigurationPlatforms) = preSolution
		Debug|Any CPU = Debug|Any CPU
		Release|Any CPU = Release|Any CPU
	EndGlobalSection
	GlobalSection(ProjectConfigurationPlatforms) = postSolution
		{30D2B6AE-5EDC-4488-85E9-46DA85C82304}.Debug|Any CPU.ActiveCfg = Debug|Any CPU
		{30D2B6AE-5EDC-4488-85E9-46DA85C82304}.Debug|Any CPU.Build.0 = Debug|Any CPU
		{30D2B6AE-5EDC-4488-85E9-46DA85C82304}.Release|Any CPU.ActiveCfg = Release|Any CPU
		{30D2B6AE-5EDC-4488-85E9-46DA85C82304}.Release|Any CPU.Build.0 = Release|Any CPU
		{AFE0B66F-8C6C-414C-AB06-20A32C7E1C1E}.Debug|Any CPU.ActiveCfg = Debug|Any CPU
		{AFE0B66F-8C6C-414C-AB06-20A32C7E1C1E}.Debug|Any CPU.Build.0 = Debug|Any CPU
		{AFE0B66F-8C6C-414C-AB06-20A32C7E1C1E}.Release|Any CPU.ActiveCfg = Release|Any CPU
		{AFE0B66F-8C6C-414C-AB06-20A32C7E1C1E}.Release|Any CPU.Build.0 = Release|Any CPU
	EndGlobalSection
	GlobalSection(SolutionProperties) = preSolution
		HideSolutionNode = FALSE
	EndGlobalSection
	GlobalSection(ExtensibilityGlobals) = postSolution
		SolutionGuid = {94B0E15F-FFBF-4414-A915-EC4E6522F038}
	EndGlobalSection
EndGlobal
