
Microsoft Visual Studio Solution File, Format Version 12.00
# Visual Studio Version 17
VisualStudioVersion = 17.2.32630.192
MinimumVisualStudioVersion = 10.0.40219.1
Project("{9A19103F-16F7-4668-BE54-9A1E7A4F7556}") = "R5T.O0017", "R5T.O0017\R5T.O0017.csproj", "{B4489CEE-47D8-4943-AA42-AE81B8213C85}"
EndProject
Global
	GlobalSection(SolutionConfigurationPlatforms) = preSolution
		Debug|Any CPU = Debug|Any CPU
		Release|Any CPU = Release|Any CPU
	EndGlobalSection
	GlobalSection(ProjectConfigurationPlatforms) = postSolution
		{B4489CEE-47D8-4943-AA42-AE81B8213C85}.Debug|Any CPU.ActiveCfg = Debug|Any CPU
		{B4489CEE-47D8-4943-AA42-AE81B8213C85}.Debug|Any CPU.Build.0 = Debug|Any CPU
		{B4489CEE-47D8-4943-AA42-AE81B8213C85}.Release|Any CPU.ActiveCfg = Release|Any CPU
		{B4489CEE-47D8-4943-AA42-AE81B8213C85}.Release|Any CPU.Build.0 = Release|Any CPU
	EndGlobalSection
	GlobalSection(SolutionProperties) = preSolution
		HideSolutionNode = FALSE
	EndGlobalSection
	GlobalSection(ExtensibilityGlobals) = postSolution
		SolutionGuid = {D1ACCC31-4ADF-486C-AC1D-7D14930CD13F}
	EndGlobalSection
EndGlobal
